
Microsoft Visual Studio Solution File, Format Version 12.00
# Visual Studio 15
VisualStudioVersion = 15.0.27703.1
MinimumVisualStudioVersion = 10.0.40219.1
Project("{8BC9CEB8-8B4A-11D0-8D11-00A0C91BC942}") = "TestMyDataStructure", "TestMyDataStructure\TestMyDataStructure.vcxproj", "{C7A25F83-AE65-4E74-BB3D-DB2394FCD824}"
EndProject
Project("{8BC9CEB8-8B4A-11D0-8D11-00A0C91BC942}") = "DesignPatterns", "DesignPatterns\DesignPatterns.vcxproj", "{C6E17647-E760-4948-9CB8-BA8CE61119A4}"
EndProject
Project("{8BC9CEB8-8B4A-11D0-8D11-00A0C91BC942}") = "simplifyCPP", "simplifyCPP\simplifyCPP.vcxproj", "{294C86FD-AE77-4EB6-A439-91412438BF59}"
EndProject
Project("{8BC9CEB8-8B4A-11D0-8D11-00A0C91BC942}") = "GeeksForGeeks", "GeeksForGeeks\GeeksForGeeks.vcxproj", "{E99AF12A-2734-47B9-88B2-18B53E6F269D}"
EndProject
Project("{8BC9CEB8-8B4A-11D0-8D11-00A0C91BC942}") = "FluentCPP", "FluentCPP\FluentCPP.vcxproj", "{E32DD46D-1D12-4F01-9019-C29095B256ED}"
EndProject
Project("{8BC9CEB8-8B4A-11D0-8D11-00A0C91BC942}") = "ShStaticLibrary", "ShStaticLibrary\ShStaticLib\ShStaticLib.vcxproj", "{E92F9091-3F1F-4DC4-BA30-3DD73C6E5BB9}"
EndProject
Project("{8BC9CEB8-8B4A-11D0-8D11-00A0C91BC942}") = "ShDynamicLibrary", "ShDynamicLibrary\ShDynamicLibrary\ShDynamicLibrary.vcxproj", "{75428354-A191-44F2-9203-E46D8A9F730C}"
EndProject
Project("{2150E333-8FDC-42A3-9474-1A3956D46DE8}") = "Libraries", "Libraries", "{719417A2-B041-4492-A5EA-F51DAAD43FB5}"
EndProject
Project("{2150E333-8FDC-42A3-9474-1A3956D46DE8}") = "DesignPattern", "DesignPattern", "{5CECF321-BEA8-47D1-A790-3DAE15B2F0B1}"
EndProject
Project("{2150E333-8FDC-42A3-9474-1A3956D46DE8}") = "C++Learn", "C++Learn", "{DBE7F176-D743-4331-A71E-7573D5F5B7EF}"
EndProject
Project("{2150E333-8FDC-42A3-9474-1A3956D46DE8}") = "Driver", "Driver", "{80523EE6-AACE-4A4A-8462-EBB71B3B83DB}"
EndProject
Project("{2150E333-8FDC-42A3-9474-1A3956D46DE8}") = "Package", "Package", "{1DA648B4-743E-44B6-BFEE-ABE6282A382C}"
EndProject
Project("{8BC9CEB8-8B4A-11D0-8D11-00A0C91BC942}") = "ShPackage", "vsPackage\ShPackage\ShPackage.vcxproj", "{1475E78F-1A0C-46BD-A748-DDD5221D60C8}"
	ProjectSection(ProjectDependencies) = postProject
		{9D360E3E-0D0E-4191-B924-0F01325E93FA} = {9D360E3E-0D0E-4191-B924-0F01325E93FA}
	EndProjectSection
EndProject
Project("{8BC9CEB8-8B4A-11D0-8D11-00A0C91BC942}") = "ShPackageUI", "vsPackage\ShPackageUi\ShPackageUi.vcxproj", "{9D360E3E-0D0E-4191-B924-0F01325E93FA}"
EndProject
Project("{FAE04EC0-301F-11D3-BF4B-00C04F79EFBC}") = "ShPackageVSIX", "vsPackage\ShPackage\ShPackageVSIX\ShPackageVSIX.csproj", "{593A5B39-B788-4876-B289-F7382FBD37BF}"
EndProject
Project("{8BC9CEB8-8B4A-11D0-8D11-00A0C91BC942}") = "ShKernelDriver", "ShKernelDriver\ShKernelDriver\ShKernelDriver.vcxproj", "{6E8E5D9F-70DF-4A53-B239-23F659C5039D}"
EndProject
Project("{8BC9CEB8-8B4A-11D0-8D11-00A0C91BC942}") = "ShMiniFilterDriver", "ShMiniFilterDriver\ShMiniFilterDriver\ShMiniFilterDriver.vcxproj", "{ED094F57-8329-4289-9183-BA0DEEC567C2}"
EndProject
Project("{8BC9CEB8-8B4A-11D0-8D11-00A0C91BC942}") = "ShNdisFilterDriver", "ShNdisFilterDriver\ShNdisFilterDriver\ShNdisFilterDriver.vcxproj", "{9B401232-7F92-4411-95C8-3036242E4F34}"
EndProject
Global
	GlobalSection(SolutionConfigurationPlatforms) = preSolution
		Debug|Any CPU = Debug|Any CPU
		Debug|ARM = Debug|ARM
		Debug|ARM64 = Debug|ARM64
		Debug|x64 = Debug|x64
		Debug|x86 = Debug|x86
		Release|Any CPU = Release|Any CPU
		Release|ARM = Release|ARM
		Release|ARM64 = Release|ARM64
		Release|x64 = Release|x64
		Release|x86 = Release|x86
	EndGlobalSection
	GlobalSection(ProjectConfigurationPlatforms) = postSolution
		{C7A25F83-AE65-4E74-BB3D-DB2394FCD824}.Debug|Any CPU.ActiveCfg = Debug|Win32
		{C7A25F83-AE65-4E74-BB3D-DB2394FCD824}.Debug|ARM.ActiveCfg = Debug|Win32
		{C7A25F83-AE65-4E74-BB3D-DB2394FCD824}.Debug|ARM64.ActiveCfg = Debug|Win32
		{C7A25F83-AE65-4E74-BB3D-DB2394FCD824}.Debug|x64.ActiveCfg = Debug|x64
		{C7A25F83-AE65-4E74-BB3D-DB2394FCD824}.Debug|x64.Build.0 = Debug|x64
		{C7A25F83-AE65-4E74-BB3D-DB2394FCD824}.Debug|x86.ActiveCfg = Debug|Win32
		{C7A25F83-AE65-4E74-BB3D-DB2394FCD824}.Debug|x86.Build.0 = Debug|Win32
		{C7A25F83-AE65-4E74-BB3D-DB2394FCD824}.Release|Any CPU.ActiveCfg = Release|Win32
		{C7A25F83-AE65-4E74-BB3D-DB2394FCD824}.Release|ARM.ActiveCfg = Release|Win32
		{C7A25F83-AE65-4E74-BB3D-DB2394FCD824}.Release|ARM64.ActiveCfg = Release|Win32
		{C7A25F83-AE65-4E74-BB3D-DB2394FCD824}.Release|x64.ActiveCfg = Release|x64
		{C7A25F83-AE65-4E74-BB3D-DB2394FCD824}.Release|x64.Build.0 = Release|x64
		{C7A25F83-AE65-4E74-BB3D-DB2394FCD824}.Release|x86.ActiveCfg = Release|Win32
		{C7A25F83-AE65-4E74-BB3D-DB2394FCD824}.Release|x86.Build.0 = Release|Win32
		{C6E17647-E760-4948-9CB8-BA8CE61119A4}.Debug|Any CPU.ActiveCfg = Debug|Win32
		{C6E17647-E760-4948-9CB8-BA8CE61119A4}.Debug|ARM.ActiveCfg = Debug|Win32
		{C6E17647-E760-4948-9CB8-BA8CE61119A4}.Debug|ARM64.ActiveCfg = Debug|Win32
		{C6E17647-E760-4948-9CB8-BA8CE61119A4}.Debug|x64.ActiveCfg = Debug|x64
		{C6E17647-E760-4948-9CB8-BA8CE61119A4}.Debug|x64.Build.0 = Debug|x64
		{C6E17647-E760-4948-9CB8-BA8CE61119A4}.Debug|x86.ActiveCfg = Debug|Win32
		{C6E17647-E760-4948-9CB8-BA8CE61119A4}.Debug|x86.Build.0 = Debug|Win32
		{C6E17647-E760-4948-9CB8-BA8CE61119A4}.Release|Any CPU.ActiveCfg = Release|Win32
		{C6E17647-E760-4948-9CB8-BA8CE61119A4}.Release|ARM.ActiveCfg = Release|Win32
		{C6E17647-E760-4948-9CB8-BA8CE61119A4}.Release|ARM64.ActiveCfg = Release|Win32
		{C6E17647-E760-4948-9CB8-BA8CE61119A4}.Release|x64.ActiveCfg = Release|x64
		{C6E17647-E760-4948-9CB8-BA8CE61119A4}.Release|x64.Build.0 = Release|x64
		{C6E17647-E760-4948-9CB8-BA8CE61119A4}.Release|x86.ActiveCfg = Release|Win32
		{C6E17647-E760-4948-9CB8-BA8CE61119A4}.Release|x86.Build.0 = Release|Win32
		{294C86FD-AE77-4EB6-A439-91412438BF59}.Debug|Any CPU.ActiveCfg = Debug|Win32
		{294C86FD-AE77-4EB6-A439-91412438BF59}.Debug|ARM.ActiveCfg = Debug|Win32
		{294C86FD-AE77-4EB6-A439-91412438BF59}.Debug|ARM64.ActiveCfg = Debug|Win32
		{294C86FD-AE77-4EB6-A439-91412438BF59}.Debug|x64.ActiveCfg = Debug|x64
		{294C86FD-AE77-4EB6-A439-91412438BF59}.Debug|x64.Build.0 = Debug|x64
		{294C86FD-AE77-4EB6-A439-91412438BF59}.Debug|x86.ActiveCfg = Debug|Win32
		{294C86FD-AE77-4EB6-A439-91412438BF59}.Debug|x86.Build.0 = Debug|Win32
		{294C86FD-AE77-4EB6-A439-91412438BF59}.Release|Any CPU.ActiveCfg = Release|Win32
		{294C86FD-AE77-4EB6-A439-91412438BF59}.Release|ARM.ActiveCfg = Release|Win32
		{294C86FD-AE77-4EB6-A439-91412438BF59}.Release|ARM64.ActiveCfg = Release|Win32
		{294C86FD-AE77-4EB6-A439-91412438BF59}.Release|x64.ActiveCfg = Release|x64
		{294C86FD-AE77-4EB6-A439-91412438BF59}.Release|x64.Build.0 = Release|x64
		{294C86FD-AE77-4EB6-A439-91412438BF59}.Release|x86.ActiveCfg = Release|Win32
		{294C86FD-AE77-4EB6-A439-91412438BF59}.Release|x86.Build.0 = Release|Win32
		{E99AF12A-2734-47B9-88B2-18B53E6F269D}.Debug|Any CPU.ActiveCfg = Debug|Win32
		{E99AF12A-2734-47B9-88B2-18B53E6F269D}.Debug|ARM.ActiveCfg = Debug|Win32
		{E99AF12A-2734-47B9-88B2-18B53E6F269D}.Debug|ARM64.ActiveCfg = Debug|Win32
		{E99AF12A-2734-47B9-88B2-18B53E6F269D}.Debug|x64.ActiveCfg = Debug|x64
		{E99AF12A-2734-47B9-88B2-18B53E6F269D}.Debug|x64.Build.0 = Debug|x64
		{E99AF12A-2734-47B9-88B2-18B53E6F269D}.Debug|x86.ActiveCfg = Debug|Win32
		{E99AF12A-2734-47B9-88B2-18B53E6F269D}.Debug|x86.Build.0 = Debug|Win32
		{E99AF12A-2734-47B9-88B2-18B53E6F269D}.Release|Any CPU.ActiveCfg = Release|Win32
		{E99AF12A-2734-47B9-88B2-18B53E6F269D}.Release|ARM.ActiveCfg = Release|Win32
		{E99AF12A-2734-47B9-88B2-18B53E6F269D}.Release|ARM64.ActiveCfg = Release|Win32
		{E99AF12A-2734-47B9-88B2-18B53E6F269D}.Release|x64.ActiveCfg = Release|x64
		{E99AF12A-2734-47B9-88B2-18B53E6F269D}.Release|x64.Build.0 = Release|x64
		{E99AF12A-2734-47B9-88B2-18B53E6F269D}.Release|x86.ActiveCfg = Release|Win32
		{E99AF12A-2734-47B9-88B2-18B53E6F269D}.Release|x86.Build.0 = Release|Win32
		{E32DD46D-1D12-4F01-9019-C29095B256ED}.Debug|Any CPU.ActiveCfg = Debug|Win32
		{E32DD46D-1D12-4F01-9019-C29095B256ED}.Debug|ARM.ActiveCfg = Debug|Win32
		{E32DD46D-1D12-4F01-9019-C29095B256ED}.Debug|ARM64.ActiveCfg = Debug|Win32
		{E32DD46D-1D12-4F01-9019-C29095B256ED}.Debug|x64.ActiveCfg = Debug|x64
		{E32DD46D-1D12-4F01-9019-C29095B256ED}.Debug|x64.Build.0 = Debug|x64
		{E32DD46D-1D12-4F01-9019-C29095B256ED}.Debug|x86.ActiveCfg = Debug|Win32
		{E32DD46D-1D12-4F01-9019-C29095B256ED}.Debug|x86.Build.0 = Debug|Win32
		{E32DD46D-1D12-4F01-9019-C29095B256ED}.Release|Any CPU.ActiveCfg = Release|Win32
		{E32DD46D-1D12-4F01-9019-C29095B256ED}.Release|ARM.ActiveCfg = Release|Win32
		{E32DD46D-1D12-4F01-9019-C29095B256ED}.Release|ARM64.ActiveCfg = Release|Win32
		{E32DD46D-1D12-4F01-9019-C29095B256ED}.Release|x64.ActiveCfg = Release|x64
		{E32DD46D-1D12-4F01-9019-C29095B256ED}.Release|x64.Build.0 = Release|x64
		{E32DD46D-1D12-4F01-9019-C29095B256ED}.Release|x86.ActiveCfg = Release|Win32
		{E32DD46D-1D12-4F01-9019-C29095B256ED}.Release|x86.Build.0 = Release|Win32
		{E92F9091-3F1F-4DC4-BA30-3DD73C6E5BB9}.Debug|Any CPU.ActiveCfg = Debug|Win32
		{E92F9091-3F1F-4DC4-BA30-3DD73C6E5BB9}.Debug|ARM.ActiveCfg = Debug|Win32
		{E92F9091-3F1F-4DC4-BA30-3DD73C6E5BB9}.Debug|ARM64.ActiveCfg = Debug|Win32
		{E92F9091-3F1F-4DC4-BA30-3DD73C6E5BB9}.Debug|x64.ActiveCfg = Debug|x64
		{E92F9091-3F1F-4DC4-BA30-3DD73C6E5BB9}.Debug|x64.Build.0 = Debug|x64
		{E92F9091-3F1F-4DC4-BA30-3DD73C6E5BB9}.Debug|x86.ActiveCfg = Debug|Win32
		{E92F9091-3F1F-4DC4-BA30-3DD73C6E5BB9}.Debug|x86.Build.0 = Debug|Win32
		{E92F9091-3F1F-4DC4-BA30-3DD73C6E5BB9}.Release|Any CPU.ActiveCfg = Release|Win32
		{E92F9091-3F1F-4DC4-BA30-3DD73C6E5BB9}.Release|ARM.ActiveCfg = Release|Win32
		{E92F9091-3F1F-4DC4-BA30-3DD73C6E5BB9}.Release|ARM64.ActiveCfg = Release|Win32
		{E92F9091-3F1F-4DC4-BA30-3DD73C6E5BB9}.Release|x64.ActiveCfg = Release|x64
		{E92F9091-3F1F-4DC4-BA30-3DD73C6E5BB9}.Release|x64.Build.0 = Release|x64
		{E92F9091-3F1F-4DC4-BA30-3DD73C6E5BB9}.Release|x86.ActiveCfg = Release|Win32
		{E92F9091-3F1F-4DC4-BA30-3DD73C6E5BB9}.Release|x86.Build.0 = Release|Win32
		{75428354-A191-44F2-9203-E46D8A9F730C}.Debug|Any CPU.ActiveCfg = Debug|Win32
		{75428354-A191-44F2-9203-E46D8A9F730C}.Debug|ARM.ActiveCfg = Debug|Win32
		{75428354-A191-44F2-9203-E46D8A9F730C}.Debug|ARM64.ActiveCfg = Debug|Win32
		{75428354-A191-44F2-9203-E46D8A9F730C}.Debug|x64.ActiveCfg = Debug|x64
		{75428354-A191-44F2-9203-E46D8A9F730C}.Debug|x64.Build.0 = Debug|x64
		{75428354-A191-44F2-9203-E46D8A9F730C}.Debug|x86.ActiveCfg = Debug|Win32
		{75428354-A191-44F2-9203-E46D8A9F730C}.Debug|x86.Build.0 = Debug|Win32
		{75428354-A191-44F2-9203-E46D8A9F730C}.Release|Any CPU.ActiveCfg = Release|Win32
		{75428354-A191-44F2-9203-E46D8A9F730C}.Release|ARM.ActiveCfg = Release|Win32
		{75428354-A191-44F2-9203-E46D8A9F730C}.Release|ARM64.ActiveCfg = Release|Win32
		{75428354-A191-44F2-9203-E46D8A9F730C}.Release|x64.ActiveCfg = Release|x64
		{75428354-A191-44F2-9203-E46D8A9F730C}.Release|x64.Build.0 = Release|x64
		{75428354-A191-44F2-9203-E46D8A9F730C}.Release|x86.ActiveCfg = Release|Win32
		{75428354-A191-44F2-9203-E46D8A9F730C}.Release|x86.Build.0 = Release|Win32
		{1475E78F-1A0C-46BD-A748-DDD5221D60C8}.Debug|Any CPU.ActiveCfg = Debug|Win32
		{1475E78F-1A0C-46BD-A748-DDD5221D60C8}.Debug|ARM.ActiveCfg = Debug|Win32
		{1475E78F-1A0C-46BD-A748-DDD5221D60C8}.Debug|ARM64.ActiveCfg = Debug|Win32
		{1475E78F-1A0C-46BD-A748-DDD5221D60C8}.Debug|x64.ActiveCfg = Debug|Win32
		{1475E78F-1A0C-46BD-A748-DDD5221D60C8}.Debug|x86.ActiveCfg = Debug|Win32
		{1475E78F-1A0C-46BD-A748-DDD5221D60C8}.Debug|x86.Build.0 = Debug|Win32
		{1475E78F-1A0C-46BD-A748-DDD5221D60C8}.Release|Any CPU.ActiveCfg = Release|Win32
		{1475E78F-1A0C-46BD-A748-DDD5221D60C8}.Release|ARM.ActiveCfg = Release|Win32
		{1475E78F-1A0C-46BD-A748-DDD5221D60C8}.Release|ARM64.ActiveCfg = Release|Win32
		{1475E78F-1A0C-46BD-A748-DDD5221D60C8}.Release|x64.ActiveCfg = Release|Win32
		{1475E78F-1A0C-46BD-A748-DDD5221D60C8}.Release|x86.ActiveCfg = Release|Win32
		{1475E78F-1A0C-46BD-A748-DDD5221D60C8}.Release|x86.Build.0 = Release|Win32
		{9D360E3E-0D0E-4191-B924-0F01325E93FA}.Debug|Any CPU.ActiveCfg = Debug|Win32
		{9D360E3E-0D0E-4191-B924-0F01325E93FA}.Debug|ARM.ActiveCfg = Debug|Win32
		{9D360E3E-0D0E-4191-B924-0F01325E93FA}.Debug|ARM64.ActiveCfg = Debug|Win32
		{9D360E3E-0D0E-4191-B924-0F01325E93FA}.Debug|x64.ActiveCfg = Debug|Win32
		{9D360E3E-0D0E-4191-B924-0F01325E93FA}.Debug|x86.ActiveCfg = Debug|Win32
		{9D360E3E-0D0E-4191-B924-0F01325E93FA}.Debug|x86.Build.0 = Debug|Win32
		{9D360E3E-0D0E-4191-B924-0F01325E93FA}.Release|Any CPU.ActiveCfg = Release|Win32
		{9D360E3E-0D0E-4191-B924-0F01325E93FA}.Release|ARM.ActiveCfg = Release|Win32
		{9D360E3E-0D0E-4191-B924-0F01325E93FA}.Release|ARM64.ActiveCfg = Release|Win32
		{9D360E3E-0D0E-4191-B924-0F01325E93FA}.Release|x64.ActiveCfg = Release|Win32
		{9D360E3E-0D0E-4191-B924-0F01325E93FA}.Release|x86.ActiveCfg = Release|Win32
		{9D360E3E-0D0E-4191-B924-0F01325E93FA}.Release|x86.Build.0 = Release|Win32
		{593A5B39-B788-4876-B289-F7382FBD37BF}.Debug|Any CPU.ActiveCfg = Debug|Any CPU
		{593A5B39-B788-4876-B289-F7382FBD37BF}.Debug|Any CPU.Build.0 = Debug|Any CPU
		{593A5B39-B788-4876-B289-F7382FBD37BF}.Debug|ARM.ActiveCfg = Debug|Any CPU
		{593A5B39-B788-4876-B289-F7382FBD37BF}.Debug|ARM.Build.0 = Debug|Any CPU
		{593A5B39-B788-4876-B289-F7382FBD37BF}.Debug|ARM64.ActiveCfg = Debug|Any CPU
		{593A5B39-B788-4876-B289-F7382FBD37BF}.Debug|ARM64.Build.0 = Debug|Any CPU
		{593A5B39-B788-4876-B289-F7382FBD37BF}.Debug|x64.ActiveCfg = Debug|Any CPU
		{593A5B39-B788-4876-B289-F7382FBD37BF}.Debug|x64.Build.0 = Debug|Any CPU
		{593A5B39-B788-4876-B289-F7382FBD37BF}.Debug|x86.ActiveCfg = Debug|Any CPU
		{593A5B39-B788-4876-B289-F7382FBD37BF}.Debug|x86.Build.0 = Debug|Any CPU
		{593A5B39-B788-4876-B289-F7382FBD37BF}.Release|Any CPU.ActiveCfg = Release|Any CPU
		{593A5B39-B788-4876-B289-F7382FBD37BF}.Release|Any CPU.Build.0 = Release|Any CPU
		{593A5B39-B788-4876-B289-F7382FBD37BF}.Release|ARM.ActiveCfg = Release|Any CPU
		{593A5B39-B788-4876-B289-F7382FBD37BF}.Release|ARM.Build.0 = Release|Any CPU
		{593A5B39-B788-4876-B289-F7382FBD37BF}.Release|ARM64.ActiveCfg = Release|Any CPU
		{593A5B39-B788-4876-B289-F7382FBD37BF}.Release|ARM64.Build.0 = Release|Any CPU
		{593A5B39-B788-4876-B289-F7382FBD37BF}.Release|x64.ActiveCfg = Release|Any CPU
		{593A5B39-B788-4876-B289-F7382FBD37BF}.Release|x64.Build.0 = Release|Any CPU
		{593A5B39-B788-4876-B289-F7382FBD37BF}.Release|x86.ActiveCfg = Release|Any CPU
		{593A5B39-B788-4876-B289-F7382FBD37BF}.Release|x86.Build.0 = Release|Any CPU
		{6E8E5D9F-70DF-4A53-B239-23F659C5039D}.Debug|Any CPU.ActiveCfg = Debug|Win32
		{6E8E5D9F-70DF-4A53-B239-23F659C5039D}.Debug|ARM.ActiveCfg = Debug|ARM
		{6E8E5D9F-70DF-4A53-B239-23F659C5039D}.Debug|ARM.Build.0 = Debug|ARM
		{6E8E5D9F-70DF-4A53-B239-23F659C5039D}.Debug|ARM.Deploy.0 = Debug|ARM
		{6E8E5D9F-70DF-4A53-B239-23F659C5039D}.Debug|ARM64.ActiveCfg = Debug|ARM64
		{6E8E5D9F-70DF-4A53-B239-23F659C5039D}.Debug|ARM64.Build.0 = Debug|ARM64
		{6E8E5D9F-70DF-4A53-B239-23F659C5039D}.Debug|ARM64.Deploy.0 = Debug|ARM64
		{6E8E5D9F-70DF-4A53-B239-23F659C5039D}.Debug|x64.ActiveCfg = Debug|x64
		{6E8E5D9F-70DF-4A53-B239-23F659C5039D}.Debug|x64.Build.0 = Debug|x64
		{6E8E5D9F-70DF-4A53-B239-23F659C5039D}.Debug|x64.Deploy.0 = Debug|x64
		{6E8E5D9F-70DF-4A53-B239-23F659C5039D}.Debug|x86.ActiveCfg = Debug|Win32
		{6E8E5D9F-70DF-4A53-B239-23F659C5039D}.Debug|x86.Build.0 = Debug|Win32
		{6E8E5D9F-70DF-4A53-B239-23F659C5039D}.Debug|x86.Deploy.0 = Debug|Win32
		{6E8E5D9F-70DF-4A53-B239-23F659C5039D}.Release|Any CPU.ActiveCfg = Release|Win32
		{6E8E5D9F-70DF-4A53-B239-23F659C5039D}.Release|ARM.ActiveCfg = Release|ARM
		{6E8E5D9F-70DF-4A53-B239-23F659C5039D}.Release|ARM.Build.0 = Release|ARM
		{6E8E5D9F-70DF-4A53-B239-23F659C5039D}.Release|ARM.Deploy.0 = Release|ARM
		{6E8E5D9F-70DF-4A53-B239-23F659C5039D}.Release|ARM64.ActiveCfg = Release|ARM64
		{6E8E5D9F-70DF-4A53-B239-23F659C5039D}.Release|ARM64.Build.0 = Release|ARM64
		{6E8E5D9F-70DF-4A53-B239-23F659C5039D}.Release|ARM64.Deploy.0 = Release|ARM64
		{6E8E5D9F-70DF-4A53-B239-23F659C5039D}.Release|x64.ActiveCfg = Release|x64
		{6E8E5D9F-70DF-4A53-B239-23F659C5039D}.Release|x64.Build.0 = Release|x64
		{6E8E5D9F-70DF-4A53-B239-23F659C5039D}.Release|x64.Deploy.0 = Release|x64
		{6E8E5D9F-70DF-4A53-B239-23F659C5039D}.Release|x86.ActiveCfg = Release|Win32
		{6E8E5D9F-70DF-4A53-B239-23F659C5039D}.Release|x86.Build.0 = Release|Win32
		{6E8E5D9F-70DF-4A53-B239-23F659C5039D}.Release|x86.Deploy.0 = Release|Win32
		{ED094F57-8329-4289-9183-BA0DEEC567C2}.Debug|Any CPU.ActiveCfg = Debug|Win32
		{ED094F57-8329-4289-9183-BA0DEEC567C2}.Debug|ARM.ActiveCfg = Debug|ARM
		{ED094F57-8329-4289-9183-BA0DEEC567C2}.Debug|ARM.Build.0 = Debug|ARM
		{ED094F57-8329-4289-9183-BA0DEEC567C2}.Debug|ARM.Deploy.0 = Debug|ARM
		{ED094F57-8329-4289-9183-BA0DEEC567C2}.Debug|ARM64.ActiveCfg = Debug|ARM64
		{ED094F57-8329-4289-9183-BA0DEEC567C2}.Debug|ARM64.Build.0 = Debug|ARM64
		{ED094F57-8329-4289-9183-BA0DEEC567C2}.Debug|ARM64.Deploy.0 = Debug|ARM64
		{ED094F57-8329-4289-9183-BA0DEEC567C2}.Debug|x64.ActiveCfg = Debug|x64
		{ED094F57-8329-4289-9183-BA0DEEC567C2}.Debug|x64.Build.0 = Debug|x64
		{ED094F57-8329-4289-9183-BA0DEEC567C2}.Debug|x64.Deploy.0 = Debug|x64
		{ED094F57-8329-4289-9183-BA0DEEC567C2}.Debug|x86.ActiveCfg = Debug|Win32
		{ED094F57-8329-4289-9183-BA0DEEC567C2}.Debug|x86.Build.0 = Debug|Win32
		{ED094F57-8329-4289-9183-BA0DEEC567C2}.Debug|x86.Deploy.0 = Debug|Win32
		{ED094F57-8329-4289-9183-BA0DEEC567C2}.Release|Any CPU.ActiveCfg = Release|Win32
		{ED094F57-8329-4289-9183-BA0DEEC567C2}.Release|ARM.ActiveCfg = Release|ARM
		{ED094F57-8329-4289-9183-BA0DEEC567C2}.Release|ARM.Build.0 = Release|ARM
		{ED094F57-8329-4289-9183-BA0DEEC567C2}.Release|ARM.Deploy.0 = Release|ARM
		{ED094F57-8329-4289-9183-BA0DEEC567C2}.Release|ARM64.ActiveCfg = Release|ARM64
		{ED094F57-8329-4289-9183-BA0DEEC567C2}.Release|ARM64.Build.0 = Release|ARM64
		{ED094F57-8329-4289-9183-BA0DEEC567C2}.Release|ARM64.Deploy.0 = Release|ARM64
		{ED094F57-8329-4289-9183-BA0DEEC567C2}.Release|x64.ActiveCfg = Release|x64
		{ED094F57-8329-4289-9183-BA0DEEC567C2}.Release|x64.Build.0 = Release|x64
		{ED094F57-8329-4289-9183-BA0DEEC567C2}.Release|x64.Deploy.0 = Release|x64
		{ED094F57-8329-4289-9183-BA0DEEC567C2}.Release|x86.ActiveCfg = Release|Win32
		{ED094F57-8329-4289-9183-BA0DEEC567C2}.Release|x86.Build.0 = Release|Win32
		{ED094F57-8329-4289-9183-BA0DEEC567C2}.Release|x86.Deploy.0 = Release|Win32
		{9B401232-7F92-4411-95C8-3036242E4F34}.Debug|Any CPU.ActiveCfg = Debug|Win32
		{9B401232-7F92-4411-95C8-3036242E4F34}.Debug|ARM.ActiveCfg = Debug|ARM
		{9B401232-7F92-4411-95C8-3036242E4F34}.Debug|ARM.Build.0 = Debug|ARM
		{9B401232-7F92-4411-95C8-3036242E4F34}.Debug|ARM.Deploy.0 = Debug|ARM
		{9B401232-7F92-4411-95C8-3036242E4F34}.Debug|ARM64.ActiveCfg = Debug|ARM64
		{9B401232-7F92-4411-95C8-3036242E4F34}.Debug|ARM64.Build.0 = Debug|ARM64
		{9B401232-7F92-4411-95C8-3036242E4F34}.Debug|ARM64.Deploy.0 = Debug|ARM64
		{9B401232-7F92-4411-95C8-3036242E4F34}.Debug|x64.ActiveCfg = Debug|x64
		{9B401232-7F92-4411-95C8-3036242E4F34}.Debug|x64.Build.0 = Debug|x64
		{9B401232-7F92-4411-95C8-3036242E4F34}.Debug|x64.Deploy.0 = Debug|x64
		{9B401232-7F92-4411-95C8-3036242E4F34}.Debug|x86.ActiveCfg = Debug|Win32
		{9B401232-7F92-4411-95C8-3036242E4F34}.Debug|x86.Build.0 = Debug|Win32
		{9B401232-7F92-4411-95C8-3036242E4F34}.Debug|x86.Deploy.0 = Debug|Win32
		{9B401232-7F92-4411-95C8-3036242E4F34}.Release|Any CPU.ActiveCfg = Release|Win32
		{9B401232-7F92-4411-95C8-3036242E4F34}.Release|ARM.ActiveCfg = Release|ARM
		{9B401232-7F92-4411-95C8-3036242E4F34}.Release|ARM.Build.0 = Release|ARM
		{9B401232-7F92-4411-95C8-3036242E4F34}.Release|ARM.Deploy.0 = Release|ARM
		{9B401232-7F92-4411-95C8-3036242E4F34}.Release|ARM64.ActiveCfg = Release|ARM64
		{9B401232-7F92-4411-95C8-3036242E4F34}.Release|ARM64.Build.0 = Release|ARM64
		{9B401232-7F92-4411-95C8-3036242E4F34}.Release|ARM64.Deploy.0 = Release|ARM64
		{9B401232-7F92-4411-95C8-3036242E4F34}.Release|x64.ActiveCfg = Release|x64
		{9B401232-7F92-4411-95C8-3036242E4F34}.Release|x64.Build.0 = Release|x64
		{9B401232-7F92-4411-95C8-3036242E4F34}.Release|x64.Deploy.0 = Release|x64
		{9B401232-7F92-4411-95C8-3036242E4F34}.Release|x86.ActiveCfg = Release|Win32
		{9B401232-7F92-4411-95C8-3036242E4F34}.Release|x86.Build.0 = Release|Win32
		{9B401232-7F92-4411-95C8-3036242E4F34}.Release|x86.Deploy.0 = Release|Win32
	EndGlobalSection
	GlobalSection(SolutionProperties) = preSolution
		HideSolutionNode = FALSE
	EndGlobalSection
	GlobalSection(NestedProjects) = preSolution
		{C6E17647-E760-4948-9CB8-BA8CE61119A4} = {5CECF321-BEA8-47D1-A790-3DAE15B2F0B1}
		{294C86FD-AE77-4EB6-A439-91412438BF59} = {DBE7F176-D743-4331-A71E-7573D5F5B7EF}
		{E99AF12A-2734-47B9-88B2-18B53E6F269D} = {DBE7F176-D743-4331-A71E-7573D5F5B7EF}
		{E32DD46D-1D12-4F01-9019-C29095B256ED} = {DBE7F176-D743-4331-A71E-7573D5F5B7EF}
		{E92F9091-3F1F-4DC4-BA30-3DD73C6E5BB9} = {719417A2-B041-4492-A5EA-F51DAAD43FB5}
		{75428354-A191-44F2-9203-E46D8A9F730C} = {719417A2-B041-4492-A5EA-F51DAAD43FB5}
		{1475E78F-1A0C-46BD-A748-DDD5221D60C8} = {1DA648B4-743E-44B6-BFEE-ABE6282A382C}
		{9D360E3E-0D0E-4191-B924-0F01325E93FA} = {1DA648B4-743E-44B6-BFEE-ABE6282A382C}
		{593A5B39-B788-4876-B289-F7382FBD37BF} = {1DA648B4-743E-44B6-BFEE-ABE6282A382C}
		{6E8E5D9F-70DF-4A53-B239-23F659C5039D} = {80523EE6-AACE-4A4A-8462-EBB71B3B83DB}
		{ED094F57-8329-4289-9183-BA0DEEC567C2} = {80523EE6-AACE-4A4A-8462-EBB71B3B83DB}
		{9B401232-7F92-4411-95C8-3036242E4F34} = {80523EE6-AACE-4A4A-8462-EBB71B3B83DB}
	EndGlobalSection
	GlobalSection(ExtensibilityGlobals) = postSolution
		SolutionGuid = {1105AABB-DD30-4EB9-B73F-22681AE3065E}
	EndGlobalSection
EndGlobal
