<?xml version="1.0" encoding="utf-8"?>
<Project ToolsVersion="4.0" xmlns="http://schemas.microsoft.com/developer/msbuild/2003">
  <ItemGroup>
    <Filter Include="Source Files">
      <UniqueIdentifier>{4FC737F1-C7A5-4376-A066-2A32D752A2FF}</UniqueIdentifier>
      <Extensions>cpp;c;cc;cxx;def;odl;idl;hpj;bat;asm;asmx</Extensions>
    </Filter>
    <Filter Include="Header Files">
      <UniqueIdentifier>{93995380-89BD-4b04-88EB-625FBE52EBFB}</UniqueIdentifier>
      <Extensions>h;hh;hpp;hxx;hm;inl;inc;ipp;xsd</Extensions>
    </Filter>
    <Filter Include="Resource Files">
      <UniqueIdentifier>{67DA6AB6-F800-4c08-8B7A-83BB121AAD01}</UniqueIdentifier>
      <Extensions>rc;ico;cur;bmp;dlg;rc2;rct;bin;rgs;gif;jpg;jpeg;jpe;resx;tiff;tif;png;wav;mfcribbon-ms</Extensions>
    </Filter>
    <Filter Include="Source Files\Diffrence">
      <UniqueIdentifier>{f2e14919-4526-43fb-8cfb-50af1319077a}</UniqueIdentifier>
    </Filter>
    <Filter Include="Source Files\Template">
      <UniqueIdentifier>{135c8c64-d3b7-478d-93b4-c63edec71b2e}</UniqueIdentifier>
    </Filter>
  </ItemGroup>
  <ItemGroup>
    <ClInclude Include="stdafx.h">
      <Filter>Header Files</Filter>
    </ClInclude>
    <ClInclude Include="targetver.h">
      <Filter>Header Files</Filter>
    </ClInclude>
  </ItemGroup>
  <ItemGroup>
    <ClCompile Include="stdafx.cpp">
      <Filter>Source Files</Filter>
    </ClCompile>
    <ClCompile Include="StrongTypesInterfaces.cpp">
      <Filter>Source Files</Filter>
    </ClCompile>
    <ClCompile Include="STL_Optional.cpp">
      <Filter>Source Files</Filter>
    </ClCompile>
    <ClCompile Include="SetDiffrence.cpp">
      <Filter>Source Files\Diffrence</Filter>
    </ClCompile>
    <ClCompile Include="Searching.cpp">
      <Filter>Source Files</Filter>
    </ClCompile>
    <ClCompile Include="SomeAlgorithms.cpp">
      <Filter>Source Files</Filter>
    </ClCompile>
    <ClCompile Include="TemplateClasses_1.cpp">
      <Filter>Source Files\Template</Filter>
    </ClCompile>
    <ClCompile Include="TemplateClasses_2.cpp">
      <Filter>Source Files\Template</Filter>
    </ClCompile>
    <ClCompile Include="TemplateClasses_3.cpp">
      <Filter>Source Files\Template</Filter>
    </ClCompile>
    <ClCompile Include="TemplateClasses_4.cpp">
      <Filter>Source Files\Template</Filter>
    </ClCompile>
    <ClCompile Include="TemplateClasses_5.cpp">
      <Filter>Source Files\Template</Filter>
    </ClCompile>
    <ClCompile Include="TemplateClasses_6.cpp">
      <Filter>Source Files\Template</Filter>
    </ClCompile>
    <ClCompile Include="TemplateClasses_7.cpp">
      <Filter>Source Files\Template</Filter>
    </ClCompile>
    <ClCompile Include="TemplateClasses_8.cpp">
      <Filter>Source Files\Template</Filter>
    </ClCompile>
    <ClCompile Include="TemplateClasses_9.cpp">
      <Filter>Source Files\Template</Filter>
    </ClCompile>
    <ClCompile Include="TemplateClasses_10.cpp">
      <Filter>Source Files\Template</Filter>
    </ClCompile>
    <ClCompile Include="TestCodes.cpp">
      <Filter>Source Files</Filter>
    </ClCompile>
    <ClCompile Include="MyTemplateSample.cpp">
      <Filter>Source Files\Template</Filter>
    </ClCompile>
  </ItemGroup>
  <ItemGroup>
    <Image Include="res\includes.png">
      <Filter>Source Files\Diffrence</Filter>
    </Image>
    <Image Include="res\set_intersection.png">
      <Filter>Source Files\Diffrence</Filter>
    </Image>
    <Image Include="res\set_symmetric_difference.png">
      <Filter>Source Files\Diffrence</Filter>
    </Image>
    <Image Include="res\set_union.png">
      <Filter>Source Files\Diffrence</Filter>
    </Image>
    <Image Include="res\set_difference.png">
      <Filter>Source Files\Diffrence</Filter>
    </Image>
  </ItemGroup>
</Project>