
Microsoft Visual Studio Solution File, Format Version 12.00
# Visual Studio 15
VisualStudioVersion = 15.0.28307.136
MinimumVisualStudioVersion = 10.0.40219.1
Project("{9A19103F-16F7-4668-BE54-9A1E7A4F7556}") = "ShIpHandlerPackage", "ShIpHandlerPackage\ShIpHandlerPackage.csproj", "{23CC5E45-9FD5-4828-87FD-52AAB5EF4482}"
EndProject
Global
	GlobalSection(SolutionConfigurationPlatforms) = preSolution
		Debug|Any CPU = Debug|Any CPU
		Release|Any CPU = Release|Any CPU
	EndGlobalSection
	GlobalSection(ProjectConfigurationPlatforms) = postSolution
		{23CC5E45-9FD5-4828-87FD-52AAB5EF4482}.Debug|Any CPU.ActiveCfg = Debug|Any CPU
		{23CC5E45-9FD5-4828-87FD-52AAB5EF4482}.Debug|Any CPU.Build.0 = Debug|Any CPU
		{23CC5E45-9FD5-4828-87FD-52AAB5EF4482}.Release|Any CPU.ActiveCfg = Release|x64
		{23CC5E45-9FD5-4828-87FD-52AAB5EF4482}.Release|Any CPU.Build.0 = Release|x64
	EndGlobalSection
	GlobalSection(SolutionProperties) = preSolution
		HideSolutionNode = FALSE
	EndGlobalSection
	GlobalSection(ExtensibilityGlobals) = postSolution
		SolutionGuid = {ED9C319D-1A6A-42F3-B624-5DD92F51E96D}
	EndGlobalSection
EndGlobal
