<?xml version="1.0" encoding="utf-8"?>
<Project ToolsVersion="4.0" xmlns="http://schemas.microsoft.com/developer/msbuild/2003">
  <ItemGroup>
    <Filter Include="Source Files">
      <UniqueIdentifier>{4FC737F1-C7A5-4376-A066-2A32D752A2FF}</UniqueIdentifier>
      <Extensions>cpp;c;cc;cxx;def;odl;idl;hpj;bat;asm;asmx</Extensions>
    </Filter>
    <Filter Include="Header Files">
      <UniqueIdentifier>{93995380-89BD-4b04-88EB-625FBE52EBFB}</UniqueIdentifier>
      <Extensions>h;hh;hpp;hxx;hm;inl;inc;ipp;xsd</Extensions>
    </Filter>
    <Filter Include="Resource Files">
      <UniqueIdentifier>{67DA6AB6-F800-4c08-8B7A-83BB121AAD01}</UniqueIdentifier>
      <Extensions>rc;ico;cur;bmp;dlg;rc2;rct;bin;rgs;gif;jpg;jpeg;jpe;resx;tiff;tif;png;wav;mfcribbon-ms</Extensions>
    </Filter>
    <Filter Include="Source Files\Creational Patterns">
      <UniqueIdentifier>{435a9632-b984-469b-a02c-d54a56de309b}</UniqueIdentifier>
    </Filter>
    <Filter Include="Source Files\Structural Patterns">
      <UniqueIdentifier>{4c3fcb0d-6e41-481d-8631-91bd139e1a14}</UniqueIdentifier>
    </Filter>
    <Filter Include="Source Files\Behavioral Patterns">
      <UniqueIdentifier>{e282404e-3593-45ce-82aa-f0c99e061936}</UniqueIdentifier>
    </Filter>
    <Filter Include="Source Files\Creational Patterns\Abstract Factory">
      <UniqueIdentifier>{0b7217be-b716-416d-8ab9-83b8a4c81e32}</UniqueIdentifier>
    </Filter>
    <Filter Include="Source Files\Creational Patterns\Builder">
      <UniqueIdentifier>{e68662d8-ef4e-4040-8bcc-f83d30c84cd2}</UniqueIdentifier>
    </Filter>
    <Filter Include="Source Files\Creational Patterns\Factory Method">
      <UniqueIdentifier>{ff8e84d2-118e-4375-b7b4-d89d0cabf901}</UniqueIdentifier>
    </Filter>
    <Filter Include="Source Files\Creational Patterns\Prototype">
      <UniqueIdentifier>{f9bdad11-b5f5-40cc-a8e5-9ddce89138b9}</UniqueIdentifier>
    </Filter>
    <Filter Include="Source Files\Creational Patterns\Singleton">
      <UniqueIdentifier>{9391e5d3-979b-4135-b7e2-ad2677abe0a5}</UniqueIdentifier>
    </Filter>
    <Filter Include="Source Files\Structural Patterns\Adapter">
      <UniqueIdentifier>{451b4a81-3055-4d03-a0b7-6b45049b040c}</UniqueIdentifier>
    </Filter>
    <Filter Include="Source Files\Structural Patterns\Bridge">
      <UniqueIdentifier>{d1c6b9b9-7c19-43c0-96a3-6836d7291098}</UniqueIdentifier>
    </Filter>
    <Filter Include="Source Files\Structural Patterns\Composite">
      <UniqueIdentifier>{2200c85f-5cdf-46e5-8b9b-4de83042b4a3}</UniqueIdentifier>
    </Filter>
    <Filter Include="Source Files\Structural Patterns\Decorator">
      <UniqueIdentifier>{2940e3a9-71e0-4a5e-b95e-09e06876dd02}</UniqueIdentifier>
    </Filter>
    <Filter Include="Source Files\Structural Patterns\Façade">
      <UniqueIdentifier>{98852222-8e2c-485e-bede-6ecc20b8d5fe}</UniqueIdentifier>
    </Filter>
    <Filter Include="Source Files\Structural Patterns\Flyweight">
      <UniqueIdentifier>{50bd9f85-2296-472d-adfc-cbccb4313286}</UniqueIdentifier>
    </Filter>
    <Filter Include="Source Files\Structural Patterns\Proxy">
      <UniqueIdentifier>{ba472bd3-f255-45dc-af82-0e1bb91286b3}</UniqueIdentifier>
    </Filter>
    <Filter Include="Source Files\Behavioral Patterns\Chain of Responsibility">
      <UniqueIdentifier>{7c8c5c53-6c1d-4588-ad17-56e683af2db9}</UniqueIdentifier>
    </Filter>
    <Filter Include="Source Files\Behavioral Patterns\Command">
      <UniqueIdentifier>{8591fe3e-0edf-4124-964d-724c600ef6b7}</UniqueIdentifier>
    </Filter>
    <Filter Include="Source Files\Behavioral Patterns\Interpreter">
      <UniqueIdentifier>{408fe1b7-c960-45d2-ad3d-0d1fb3a1e367}</UniqueIdentifier>
    </Filter>
    <Filter Include="Source Files\Behavioral Patterns\Iterator">
      <UniqueIdentifier>{f7437d17-da39-4ba1-bd50-1b8ed2e249fd}</UniqueIdentifier>
    </Filter>
    <Filter Include="Source Files\Behavioral Patterns\Mediator">
      <UniqueIdentifier>{b7e4b69c-92ad-446b-9aed-c2ca44896909}</UniqueIdentifier>
    </Filter>
    <Filter Include="Source Files\Behavioral Patterns\Memento">
      <UniqueIdentifier>{da5dab69-7807-4060-b5e8-c4cdc14151b2}</UniqueIdentifier>
    </Filter>
    <Filter Include="Source Files\Behavioral Patterns\Observer">
      <UniqueIdentifier>{c8a52ca0-3ec6-46e2-adbc-e29bda2551b5}</UniqueIdentifier>
    </Filter>
    <Filter Include="Source Files\Behavioral Patterns\State">
      <UniqueIdentifier>{53f6b727-6045-401a-85ca-d2b1864240a0}</UniqueIdentifier>
    </Filter>
    <Filter Include="Source Files\Behavioral Patterns\Strategy">
      <UniqueIdentifier>{320c4f5d-14c7-40e0-a542-47d85ba3d353}</UniqueIdentifier>
    </Filter>
    <Filter Include="Source Files\Behavioral Patterns\Template Method">
      <UniqueIdentifier>{5d247c46-4207-498e-8305-a61f1c71f60e}</UniqueIdentifier>
    </Filter>
    <Filter Include="Source Files\Behavioral Patterns\Visitor">
      <UniqueIdentifier>{0552145d-1623-4adb-8738-62a765aa197b}</UniqueIdentifier>
    </Filter>
    <Filter Include="Source Files\Creational Patterns\Abstract Factory\res">
      <UniqueIdentifier>{2d2b6ad7-765c-4449-8f78-d0aecf03785b}</UniqueIdentifier>
    </Filter>
    <Filter Include="Source Files\Creational Patterns\Builder\res">
      <UniqueIdentifier>{96548d5c-9f33-46fe-acd2-e728aef3a395}</UniqueIdentifier>
    </Filter>
    <Filter Include="Source Files\Creational Patterns\Singleton\res">
      <UniqueIdentifier>{60e9449a-c418-47d6-9bdf-0c010df7da1b}</UniqueIdentifier>
    </Filter>
    <Filter Include="Source Files\Creational Patterns\Prototype\res">
      <UniqueIdentifier>{7d243800-9e90-4e86-a1e2-d6361e7b6d4d}</UniqueIdentifier>
    </Filter>
    <Filter Include="Source Files\Creational Patterns\Abstract Factory\src">
      <UniqueIdentifier>{2e7dfd62-5fa6-40ab-85e4-5f078abac7e8}</UniqueIdentifier>
    </Filter>
    <Filter Include="Source Files\Creational Patterns\Builder\src">
      <UniqueIdentifier>{bbb075ee-b150-4611-9618-3da2f436b849}</UniqueIdentifier>
    </Filter>
    <Filter Include="Source Files\Creational Patterns\Singleton\src">
      <UniqueIdentifier>{77eca832-f09c-468f-babc-2cf253de352c}</UniqueIdentifier>
    </Filter>
    <Filter Include="Source Files\Creational Patterns\Prototype\src">
      <UniqueIdentifier>{b5b49f63-e986-4afc-88f6-0b26839cc17b}</UniqueIdentifier>
    </Filter>
    <Filter Include="Source Files\Behavioral Patterns\Chain of Responsibility\res">
      <UniqueIdentifier>{7f431aa8-3950-45df-8e09-e08bcaf2c698}</UniqueIdentifier>
    </Filter>
    <Filter Include="Source Files\Behavioral Patterns\Chain of Responsibility\src">
      <UniqueIdentifier>{6a91ccaa-6a7d-4931-8969-9395d1b74fb6}</UniqueIdentifier>
    </Filter>
    <Filter Include="Source Files\Behavioral Patterns\Command\src">
      <UniqueIdentifier>{9b7338d4-1ccf-48de-aa25-260f67ede913}</UniqueIdentifier>
    </Filter>
    <Filter Include="Source Files\Behavioral Patterns\Interpreter\src">
      <UniqueIdentifier>{819dfacb-29f9-4ace-9386-002b84eafa49}</UniqueIdentifier>
    </Filter>
    <Filter Include="Source Files\Behavioral Patterns\Iterator\src">
      <UniqueIdentifier>{24e3bcd3-3582-4bb7-9905-b1ccfd9657b8}</UniqueIdentifier>
    </Filter>
    <Filter Include="Source Files\Behavioral Patterns\Mediator\src">
      <UniqueIdentifier>{71ff39b3-93a2-4131-bfaa-28ab8384caf2}</UniqueIdentifier>
    </Filter>
    <Filter Include="Source Files\Behavioral Patterns\Memento\src">
      <UniqueIdentifier>{56034619-eebc-4411-bab3-281abbb729ca}</UniqueIdentifier>
    </Filter>
    <Filter Include="Source Files\Behavioral Patterns\Observer\src">
      <UniqueIdentifier>{85f2765c-50b0-43b4-b872-df8e7e3484fb}</UniqueIdentifier>
    </Filter>
    <Filter Include="Source Files\Behavioral Patterns\State\src">
      <UniqueIdentifier>{de1ed945-318e-4f4a-b75e-d044095a6158}</UniqueIdentifier>
    </Filter>
    <Filter Include="Source Files\Behavioral Patterns\Strategy\src">
      <UniqueIdentifier>{74621cc3-ce4c-492b-9ae1-1e5ae10a0cd1}</UniqueIdentifier>
    </Filter>
    <Filter Include="Source Files\Behavioral Patterns\Template Method\src">
      <UniqueIdentifier>{3fcadd76-6351-417a-9ed4-f25d166fdfab}</UniqueIdentifier>
    </Filter>
    <Filter Include="Source Files\Behavioral Patterns\Visitor\src">
      <UniqueIdentifier>{69e5af31-eed5-4915-8eb9-2b1149d3570e}</UniqueIdentifier>
    </Filter>
    <Filter Include="Source Files\Behavioral Patterns\Command\res">
      <UniqueIdentifier>{feb4dbf5-c0be-4e6a-88fd-06f8351ba9ea}</UniqueIdentifier>
    </Filter>
    <Filter Include="Source Files\Behavioral Patterns\Interpreter\res">
      <UniqueIdentifier>{46dd7184-d64d-4cb1-89e7-32bf88830fdb}</UniqueIdentifier>
    </Filter>
    <Filter Include="Source Files\Behavioral Patterns\Iterator\res">
      <UniqueIdentifier>{f941b9ec-9f50-4711-9277-21166a1db76f}</UniqueIdentifier>
    </Filter>
    <Filter Include="Source Files\Behavioral Patterns\Mediator\res">
      <UniqueIdentifier>{71966099-1822-4733-9ddc-dd5bb66ee3dd}</UniqueIdentifier>
    </Filter>
    <Filter Include="Source Files\Behavioral Patterns\Memento\res">
      <UniqueIdentifier>{5a40f4e5-91d2-4113-9afe-f17d84c334ad}</UniqueIdentifier>
    </Filter>
    <Filter Include="Source Files\Behavioral Patterns\Observer\res">
      <UniqueIdentifier>{de2d9445-07ae-4420-9af7-8b60cfc08cb1}</UniqueIdentifier>
    </Filter>
    <Filter Include="Source Files\Behavioral Patterns\State\res">
      <UniqueIdentifier>{1cef533a-91b1-4c74-bde7-8b48bab57d85}</UniqueIdentifier>
    </Filter>
    <Filter Include="Source Files\Behavioral Patterns\Strategy\res">
      <UniqueIdentifier>{e824a1e6-bf3a-4160-9c92-13eb6adb4920}</UniqueIdentifier>
    </Filter>
    <Filter Include="Source Files\Behavioral Patterns\Template Method\res">
      <UniqueIdentifier>{eb1b4699-a545-465a-b5e8-dee84ddd6346}</UniqueIdentifier>
    </Filter>
    <Filter Include="Source Files\Behavioral Patterns\Visitor\res">
      <UniqueIdentifier>{5f3b2223-90e5-4082-bc7a-c3962ba719aa}</UniqueIdentifier>
    </Filter>
    <Filter Include="Source Files\Structural Patterns\Adapter\src">
      <UniqueIdentifier>{a79aee3a-b850-44b8-ae18-2573af89f2aa}</UniqueIdentifier>
    </Filter>
    <Filter Include="Source Files\Structural Patterns\Bridge\src">
      <UniqueIdentifier>{ee2bffd9-8b0c-4c2b-af54-c3008abfa2cf}</UniqueIdentifier>
    </Filter>
    <Filter Include="Source Files\Structural Patterns\Composite\src">
      <UniqueIdentifier>{a0efd530-d83c-4315-90fd-24c03287ccf1}</UniqueIdentifier>
    </Filter>
    <Filter Include="Source Files\Structural Patterns\Decorator\src">
      <UniqueIdentifier>{0339d28c-3a4a-4cd1-aafc-ddf44e2f562f}</UniqueIdentifier>
    </Filter>
    <Filter Include="Source Files\Structural Patterns\Façade\src">
      <UniqueIdentifier>{e0bc4be7-6c2c-40fc-af4a-08153b67633c}</UniqueIdentifier>
    </Filter>
    <Filter Include="Source Files\Structural Patterns\Flyweight\src">
      <UniqueIdentifier>{6ba89020-f461-4b10-b375-069d9169ad44}</UniqueIdentifier>
    </Filter>
    <Filter Include="Source Files\Structural Patterns\Proxy\src">
      <UniqueIdentifier>{c9a40957-5b1c-4331-92f1-0084e5dbc318}</UniqueIdentifier>
    </Filter>
    <Filter Include="Source Files\Structural Patterns\Adapter\res">
      <UniqueIdentifier>{69555dd9-c0fd-42fa-9f2a-eb6037240fe4}</UniqueIdentifier>
    </Filter>
    <Filter Include="Source Files\Structural Patterns\Bridge\res">
      <UniqueIdentifier>{1763dc90-b2ab-48bb-a3ca-9af75b3bbd97}</UniqueIdentifier>
    </Filter>
    <Filter Include="Source Files\Structural Patterns\Composite\res">
      <UniqueIdentifier>{d05a15f8-2def-4085-94d7-fafd9424588f}</UniqueIdentifier>
    </Filter>
    <Filter Include="Source Files\Structural Patterns\Decorator\res">
      <UniqueIdentifier>{8832a48d-d91d-4c8e-b60f-90c282a970e9}</UniqueIdentifier>
    </Filter>
    <Filter Include="Source Files\Structural Patterns\Façade\res">
      <UniqueIdentifier>{713dedf4-d185-451f-9f98-77015fc299c6}</UniqueIdentifier>
    </Filter>
    <Filter Include="Source Files\Structural Patterns\Flyweight\res">
      <UniqueIdentifier>{ea7319ba-f745-417f-ad1e-f9191c487784}</UniqueIdentifier>
    </Filter>
    <Filter Include="Source Files\Structural Patterns\Proxy\res">
      <UniqueIdentifier>{cf05c589-d2c0-4afb-a061-0bd005e3d95a}</UniqueIdentifier>
    </Filter>
  </ItemGroup>
  <ItemGroup>
    <ClInclude Include="stdafx.h">
      <Filter>Header Files</Filter>
    </ClInclude>
    <ClInclude Include="targetver.h">
      <Filter>Header Files</Filter>
    </ClInclude>
    <ClInclude Include="Sources\aggregate.h">
      <Filter>Source Files\Behavioral Patterns\Iterator\src</Filter>
    </ClInclude>
    <ClInclude Include="Sources\Iterator.h">
      <Filter>Source Files\Behavioral Patterns\Iterator\src</Filter>
    </ClInclude>
  </ItemGroup>
  <ItemGroup>
    <ClCompile Include="stdafx.cpp">
      <Filter>Source Files</Filter>
    </ClCompile>
    <ClCompile Include="DesignPatterns.cpp">
      <Filter>Source Files</Filter>
    </ClCompile>
    <ClCompile Include="Sources\AbstractFactory.cpp">
      <Filter>Source Files\Creational Patterns\Abstract Factory\src</Filter>
    </ClCompile>
    <ClCompile Include="Sources\AbstractFactorySample.cpp">
      <Filter>Source Files\Creational Patterns\Abstract Factory\src</Filter>
    </ClCompile>
    <ClCompile Include="Sources\Singleton.cpp">
      <Filter>Source Files\Creational Patterns\Singleton\src</Filter>
    </ClCompile>
    <ClCompile Include="Sources\BuilderSample.cpp">
      <Filter>Source Files\Creational Patterns\Builder\src</Filter>
    </ClCompile>
    <ClCompile Include="Sources\SingletonSample.cpp">
      <Filter>Source Files\Creational Patterns\Singleton\src</Filter>
    </ClCompile>
    <ClCompile Include="Sources\PrototypeSample.cpp">
      <Filter>Source Files\Creational Patterns\Prototype\src</Filter>
    </ClCompile>
    <ClCompile Include="Sources\Iterator.cpp">
      <Filter>Source Files\Behavioral Patterns\Iterator\src</Filter>
    </ClCompile>
    <ClCompile Include="Sources\Chain_ResponsibilitySample.cpp">
      <Filter>Source Files\Behavioral Patterns\Chain of Responsibility\src</Filter>
    </ClCompile>
    <ClCompile Include="Sources\CommandSample.cpp">
      <Filter>Source Files\Behavioral Patterns\Command\src</Filter>
    </ClCompile>
    <ClCompile Include="Sources\InterpreterSample.cpp">
      <Filter>Source Files\Behavioral Patterns\Interpreter\src</Filter>
    </ClCompile>
    <ClCompile Include="Sources\IteratorTest.cpp">
      <Filter>Source Files\Behavioral Patterns\Iterator\src</Filter>
    </ClCompile>
    <ClCompile Include="Sources\MediatorSample.cpp">
      <Filter>Source Files\Behavioral Patterns\Mediator\src</Filter>
    </ClCompile>
    <ClCompile Include="Sources\StateSample.cpp">
      <Filter>Source Files\Behavioral Patterns\State\src</Filter>
    </ClCompile>
    <ClCompile Include="Sources\StrategySample.cpp">
      <Filter>Source Files\Behavioral Patterns\Strategy\src</Filter>
    </ClCompile>
    <ClCompile Include="Sources\ObserverSample.cpp">
      <Filter>Source Files\Behavioral Patterns\Observer\src</Filter>
    </ClCompile>
    <ClCompile Include="Sources\MementoSample.cpp">
      <Filter>Source Files\Behavioral Patterns\Memento\src</Filter>
    </ClCompile>
    <ClCompile Include="Sources\TemplateMethodSample.cpp">
      <Filter>Source Files\Behavioral Patterns\Template Method\src</Filter>
    </ClCompile>
    <ClCompile Include="Sources\AdapterSample.cpp">
      <Filter>Source Files</Filter>
    </ClCompile>
    <ClCompile Include="Sources\BridgeSample.cpp">
      <Filter>Source Files</Filter>
    </ClCompile>
    <ClCompile Include="Sources\CompositeSample.cpp">
      <Filter>Source Files</Filter>
    </ClCompile>
    <ClCompile Include="Sources\DecoratorSample.cpp">
      <Filter>Source Files</Filter>
    </ClCompile>
    <ClCompile Include="Sources\FaçadeSample.cpp">
      <Filter>Source Files</Filter>
    </ClCompile>
    <ClCompile Include="Sources\FlyweightSample.cpp">
      <Filter>Source Files</Filter>
    </ClCompile>
    <ClCompile Include="Sources\ProxySample.cpp">
      <Filter>Source Files</Filter>
    </ClCompile>
    <ClCompile Include="Sources\VisitorSample.cpp">
      <Filter>Source Files</Filter>
    </ClCompile>
    <ClCompile Include="Sources\ProxySample.cpp">
      <Filter>Source Files\Structural Patterns\Proxy\src</Filter>
    </ClCompile>
    <ClCompile Include="Sources\FlyweightSample.cpp">
      <Filter>Source Files\Structural Patterns\Flyweight\src</Filter>
    </ClCompile>
    <ClCompile Include="Sources\FaçadeSample.cpp">
      <Filter>Source Files\Structural Patterns\Façade\src</Filter>
    </ClCompile>
    <ClCompile Include="Sources\DecoratorSample.cpp">
      <Filter>Source Files\Structural Patterns\Decorator\src</Filter>
    </ClCompile>
    <ClCompile Include="Sources\CompositeSample.cpp">
      <Filter>Source Files\Structural Patterns\Composite\src</Filter>
    </ClCompile>
    <ClCompile Include="Sources\AdapterSample.cpp">
      <Filter>Source Files\Structural Patterns\Adapter\src</Filter>
    </ClCompile>
    <ClCompile Include="Sources\BridgeSample.cpp">
      <Filter>Source Files\Structural Patterns\Bridge\src</Filter>
    </ClCompile>
    <ClCompile Include="Sources\VisitorSample.cpp">
      <Filter>Source Files\Behavioral Patterns\Visitor\src</Filter>
    </ClCompile>
  </ItemGroup>
  <ItemGroup>
    <Text Include="Descriptions\FactoryMethod.txt">
      <Filter>Source Files\Creational Patterns\Factory Method</Filter>
    </Text>
    <Text Include="Descriptions\AbstractFactory.txt">
      <Filter>Source Files\Creational Patterns\Abstract Factory\res</Filter>
    </Text>
    <Text Include="Descriptions\Builder.txt">
      <Filter>Source Files\Creational Patterns\Builder\res</Filter>
    </Text>
    <Text Include="Descriptions\Singletontxt.txt">
      <Filter>Source Files\Creational Patterns\Singleton\res</Filter>
    </Text>
    <Text Include="Descriptions\Prototype.txt">
      <Filter>Source Files\Creational Patterns\Prototype\res</Filter>
    </Text>
    <Text Include="Descriptions\Proxy.txt">
      <Filter>Source Files\Structural Patterns\Proxy\res</Filter>
    </Text>
    <Text Include="Descriptions\Flyweight.txt">
      <Filter>Source Files\Structural Patterns\Flyweight\res</Filter>
    </Text>
    <Text Include="Descriptions\Façade.txt">
      <Filter>Source Files\Structural Patterns\Façade\res</Filter>
    </Text>
    <Text Include="Descriptions\Decorator.txt">
      <Filter>Source Files\Structural Patterns\Decorator\res</Filter>
    </Text>
    <Text Include="Descriptions\Composite.txt">
      <Filter>Source Files\Structural Patterns\Composite\res</Filter>
    </Text>
    <Text Include="Descriptions\Bridge.txt">
      <Filter>Source Files\Structural Patterns\Bridge\res</Filter>
    </Text>
    <Text Include="Descriptions\Adapter.txt">
      <Filter>Source Files\Structural Patterns\Adapter\res</Filter>
    </Text>
    <Text Include="Descriptions\Chain_Responsibility.txt">
      <Filter>Source Files\Behavioral Patterns\Chain of Responsibility\res</Filter>
    </Text>
    <Text Include="Descriptions\Command.txt">
      <Filter>Source Files\Behavioral Patterns\Command\res</Filter>
    </Text>
    <Text Include="Descriptions\Visitor.txt">
      <Filter>Source Files\Behavioral Patterns\Visitor\res</Filter>
    </Text>
    <Text Include="Descriptions\Template_Method.txt">
      <Filter>Source Files\Behavioral Patterns\Template Method\res</Filter>
    </Text>
    <Text Include="Descriptions\Strategy.txt">
      <Filter>Source Files\Behavioral Patterns\Strategy\res</Filter>
    </Text>
    <Text Include="Descriptions\State.txt">
      <Filter>Source Files\Behavioral Patterns\State\res</Filter>
    </Text>
    <Text Include="Descriptions\Observer.txt">
      <Filter>Source Files\Behavioral Patterns\Observer\res</Filter>
    </Text>
    <Text Include="Descriptions\Memento.txt">
      <Filter>Source Files\Behavioral Patterns\Memento\res</Filter>
    </Text>
    <Text Include="Descriptions\Mediator.txt">
      <Filter>Source Files\Behavioral Patterns\Mediator\res</Filter>
    </Text>
    <Text Include="Descriptions\Iterator.txt">
      <Filter>Source Files\Behavioral Patterns\Iterator\res</Filter>
    </Text>
    <Text Include="Descriptions\Interpreter.txt">
      <Filter>Source Files\Behavioral Patterns\Interpreter\res</Filter>
    </Text>
  </ItemGroup>
  <ItemGroup>
    <Image Include="Images\Abstract_Factory_design_pattern.png">
      <Filter>Source Files\Creational Patterns\Abstract Factory\res</Filter>
    </Image>
    <Image Include="Images\Builder_design_pattern1.jpg">
      <Filter>Source Files\Creational Patterns\Builder\res</Filter>
    </Image>
    <Image Include="Images\Builder_design_pattern2.jpg">
      <Filter>Source Files\Creational Patterns\Builder\res</Filter>
    </Image>
    <Image Include="Images\Builder_design_pattern3.png">
      <Filter>Source Files\Creational Patterns\Builder\res</Filter>
    </Image>
    <Image Include="Images\Singlton_design_pattern1.jpg">
      <Filter>Source Files\Creational Patterns\Singleton\res</Filter>
    </Image>
    <Image Include="Images\Singlton_design_pattern2.jpg">
      <Filter>Source Files\Creational Patterns\Singleton\res</Filter>
    </Image>
    <Image Include="Images\Prototype_design_pattern1.jpg">
      <Filter>Source Files\Creational Patterns\Prototype\res</Filter>
    </Image>
    <Image Include="Images\Prototype_design_pattern2.png">
      <Filter>Source Files\Creational Patterns\Prototype\res</Filter>
    </Image>
    <Image Include="Images\Adaptor_design_pattern1.jpg">
      <Filter>Source Files\Structural Patterns\Adapter\res</Filter>
    </Image>
    <Image Include="Images\Adaptor_design_pattern2.jpg">
      <Filter>Source Files\Structural Patterns\Adapter\res</Filter>
    </Image>
    <Image Include="Images\Adaptor_design_pattern3.jpg">
      <Filter>Source Files\Structural Patterns\Adapter\res</Filter>
    </Image>
    <Image Include="Images\Bridge_design_pattern1.jpg">
      <Filter>Source Files\Structural Patterns\Bridge\res</Filter>
    </Image>
    <Image Include="Images\Bridge_design_pattern2.jpg">
      <Filter>Source Files\Structural Patterns\Bridge\res</Filter>
    </Image>
    <Image Include="Images\Composite_design_pattern1.png">
      <Filter>Source Files\Structural Patterns\Composite\res</Filter>
    </Image>
    <Image Include="Images\Composite_design_pattern2.png">
      <Filter>Source Files\Structural Patterns\Composite\res</Filter>
    </Image>
    <Image Include="Images\Decorate_design_pattern1.jpg">
      <Filter>Source Files\Structural Patterns\Decorator\res</Filter>
    </Image>
    <Image Include="Images\Decorate_design_pattern2.jpg">
      <Filter>Source Files\Structural Patterns\Decorator\res</Filter>
    </Image>
    <Image Include="Images\Facade_design_pattern1.png">
      <Filter>Source Files\Structural Patterns\Façade\res</Filter>
    </Image>
    <Image Include="Images\Facade_design_pattern2.png">
      <Filter>Source Files\Structural Patterns\Façade\res</Filter>
    </Image>
    <Image Include="Images\Flyweight_design_pattern1.jpg">
      <Filter>Source Files\Structural Patterns\Flyweight\res</Filter>
    </Image>
    <Image Include="Images\Flyweight_design_pattern2.jpg">
      <Filter>Source Files\Structural Patterns\Flyweight\res</Filter>
    </Image>
    <Image Include="Images\Proxy_design_pattern1.jpg">
      <Filter>Source Files\Structural Patterns\Proxy\res</Filter>
    </Image>
    <Image Include="Images\Proxy_design_pattern2.jpg">
      <Filter>Source Files\Structural Patterns\Proxy\res</Filter>
    </Image>
    <Image Include="Images\chain_design_pattern1.jpg">
      <Filter>Source Files\Behavioral Patterns\Chain of Responsibility\res</Filter>
    </Image>
    <Image Include="Images\chain_design_pattern2.jpg">
      <Filter>Source Files\Behavioral Patterns\Chain of Responsibility\res</Filter>
    </Image>
    <Image Include="Images\chain_design_pattern3.jpg">
      <Filter>Source Files\Behavioral Patterns\Chain of Responsibility\res</Filter>
    </Image>
    <Image Include="Images\Command_design_pattern1.jpg">
      <Filter>Source Files\Behavioral Patterns\Command\res</Filter>
    </Image>
    <Image Include="Images\Command_design_pattern2.jpg">
      <Filter>Source Files\Behavioral Patterns\Command\res</Filter>
    </Image>
    <Image Include="Images\Command_design_pattern3.jpg">
      <Filter>Source Files\Behavioral Patterns\Command\res</Filter>
    </Image>
    <Image Include="Images\Interpreter_design_pattern1.jpg">
      <Filter>Source Files\Behavioral Patterns\Interpreter\res</Filter>
    </Image>
    <Image Include="Images\Interpreter_design_pattern1.png">
      <Filter>Source Files\Behavioral Patterns\Interpreter\res</Filter>
    </Image>
    <Image Include="Images\Iterator_design_pattern1.png">
      <Filter>Source Files\Behavioral Patterns\Iterator\res</Filter>
    </Image>
    <Image Include="Images\Iterator_pattern_uml_diagram1.jpg">
      <Filter>Source Files\Behavioral Patterns\Iterator\res</Filter>
    </Image>
    <Image Include="Images\Mediator_design_pattern1.png">
      <Filter>Source Files\Behavioral Patterns\Mediator\res</Filter>
    </Image>
    <Image Include="Images\Mediator_design_pattern2.png">
      <Filter>Source Files\Behavioral Patterns\Mediator\res</Filter>
    </Image>
    <Image Include="Images\Memento_design_pattern1.png">
      <Filter>Source Files\Behavioral Patterns\Memento\res</Filter>
    </Image>
    <Image Include="Images\Memento_design_pattern2.jpg">
      <Filter>Source Files\Behavioral Patterns\Memento\res</Filter>
    </Image>
    <Image Include="Images\Observer_design_pattern1.png">
      <Filter>Source Files\Behavioral Patterns\Observer\res</Filter>
    </Image>
    <Image Include="Images\Observer_design_pattern2.png">
      <Filter>Source Files\Behavioral Patterns\Observer\res</Filter>
    </Image>
    <Image Include="Images\State_design_pattern1.png">
      <Filter>Source Files\Behavioral Patterns\State\res</Filter>
    </Image>
    <Image Include="Images\State_design_pattern2.png">
      <Filter>Source Files\Behavioral Patterns\State\res</Filter>
    </Image>
    <Image Include="Images\Strategy_design_pattern1.jpg">
      <Filter>Source Files\Behavioral Patterns\Strategy\res</Filter>
    </Image>
    <Image Include="Images\Strategy_design_pattern2.gif">
      <Filter>Source Files\Behavioral Patterns\Strategy\res</Filter>
    </Image>
    <Image Include="Images\Template_design_pattern1.png">
      <Filter>Source Files\Behavioral Patterns\Template Method\res</Filter>
    </Image>
    <Image Include="Images\Template_design_pattern2.jpg">
      <Filter>Source Files\Behavioral Patterns\Template Method\res</Filter>
    </Image>
    <Image Include="Images\Template_design_pattern3.png">
      <Filter>Source Files\Behavioral Patterns\Template Method\res</Filter>
    </Image>
    <Image Include="Images\Visitor_design_pattern1.png">
      <Filter>Source Files\Behavioral Patterns\Visitor\res</Filter>
    </Image>
    <Image Include="Images\Visitor_design_pattern2.jpg">
      <Filter>Source Files\Behavioral Patterns\Visitor\res</Filter>
    </Image>
    <Image Include="Images\Visitor_design_pattern3.jpg">
      <Filter>Source Files\Behavioral Patterns\Visitor\res</Filter>
    </Image>
  </ItemGroup>
</Project>