
Microsoft Visual Studio Solution File, Format Version 12.00
# Visual Studio 15
VisualStudioVersion = 15.0.27703.1
MinimumVisualStudioVersion = 10.0.40219.1
Project("{8BC9CEB8-8B4A-11D0-8D11-00A0C91BC942}") = "DesignPatterns", "DesignPatterns\DesignPatterns.vcxproj", "{C6E17647-E760-4948-9CB8-BA8CE61119A4}"
EndProject
Project("{8BC9CEB8-8B4A-11D0-8D11-00A0C91BC942}") = "simplifyCPP", "simplifyCPP\simplifyCPP.vcxproj", "{294C86FD-AE77-4EB6-A439-91412438BF59}"
EndProject
Project("{8BC9CEB8-8B4A-11D0-8D11-00A0C91BC942}") = "GeeksForGeeks", "GeeksForGeeks\GeeksForGeeks.vcxproj", "{E99AF12A-2734-47B9-88B2-18B53E6F269D}"
EndProject
Project("{8BC9CEB8-8B4A-11D0-8D11-00A0C91BC942}") = "FluentCPP", "FluentCPP\FluentCPP.vcxproj", "{E32DD46D-1D12-4F01-9019-C29095B256ED}"
EndProject
Project("{8BC9CEB8-8B4A-11D0-8D11-00A0C91BC942}") = "ShStaticLibrary", "ShStaticLibrary\ShStaticLib\ShStaticLib.vcxproj", "{E92F9091-3F1F-4DC4-BA30-3DD73C6E5BB9}"
EndProject
Project("{8BC9CEB8-8B4A-11D0-8D11-00A0C91BC942}") = "ShDynamicLibrary", "ShDynamicLibrary\ShDynamicLibrary\ShDynamicLibrary.vcxproj", "{75428354-A191-44F2-9203-E46D8A9F730C}"
EndProject
Project("{2150E333-8FDC-42A3-9474-1A3956D46DE8}") = "Libraries", "Libraries", "{719417A2-B041-4492-A5EA-F51DAAD43FB5}"
EndProject
Project("{2150E333-8FDC-42A3-9474-1A3956D46DE8}") = "DesignPattern", "DesignPattern", "{5CECF321-BEA8-47D1-A790-3DAE15B2F0B1}"
EndProject
Project("{2150E333-8FDC-42A3-9474-1A3956D46DE8}") = "C++Learn", "C++Learn", "{DBE7F176-D743-4331-A71E-7573D5F5B7EF}"
EndProject
Project("{2150E333-8FDC-42A3-9474-1A3956D46DE8}") = "Driver", "Driver", "{80523EE6-AACE-4A4A-8462-EBB71B3B83DB}"
EndProject
Project("{2150E333-8FDC-42A3-9474-1A3956D46DE8}") = "Package", "Package", "{1DA648B4-743E-44B6-BFEE-ABE6282A382C}"
EndProject
Project("{8BC9CEB8-8B4A-11D0-8D11-00A0C91BC942}") = "ShPackage", "vsPackage\ShPackage\ShPackage.vcxproj", "{1475E78F-1A0C-46BD-A748-DDD5221D60C8}"
	ProjectSection(ProjectDependencies) = postProject
		{9D360E3E-0D0E-4191-B924-0F01325E93FA} = {9D360E3E-0D0E-4191-B924-0F01325E93FA}
	EndProjectSection
EndProject
Project("{8BC9CEB8-8B4A-11D0-8D11-00A0C91BC942}") = "ShPackageUI", "vsPackage\ShPackageUi\ShPackageUi.vcxproj", "{9D360E3E-0D0E-4191-B924-0F01325E93FA}"
EndProject
Project("{FAE04EC0-301F-11D3-BF4B-00C04F79EFBC}") = "ShPackageVSIX", "vsPackage\ShPackage\ShPackageVSIX\ShPackageVSIX.csproj", "{593A5B39-B788-4876-B289-F7382FBD37BF}"
EndProject
Project("{8BC9CEB8-8B4A-11D0-8D11-00A0C91BC942}") = "ShMiniFilterDriver", "ShMiniFilterDriver\ShMiniFilterDriver\ShMiniFilterDriver.vcxproj", "{ED094F57-8329-4289-9183-BA0DEEC567C2}"
EndProject
Project("{8BC9CEB8-8B4A-11D0-8D11-00A0C91BC942}") = "ShNdisFilterDriver", "ShNdisFilterDriver\ShNdisFilterDriver\ShNdisFilterDriver.vcxproj", "{9B401232-7F92-4411-95C8-3036242E4F34}"
EndProject
Project("{8BC9CEB8-8B4A-11D0-8D11-00A0C91BC942}") = "ShKernelDriver", "ShKernelDriver\ShKernelDriver\ShKernelDriver\ShKernelDriver.vcxproj", "{65DB7FBF-75C9-48A5-AD6E-4709C46805E1}"
EndProject
Project("{8BC9CEB8-8B4A-11D0-8D11-00A0C91BC942}") = "ShUserDriver", "ShUserDriver\ShUserDriver\ShUserDriver.vcxproj", "{7C1DB2CB-1FC7-4733-A59F-303379D0A963}"
EndProject
Project("{2150E333-8FDC-42A3-9474-1A3956D46DE8}") = "KernelDriver", "KernelDriver", "{88BB6292-4667-4FA4-98B7-B9BA4E7F8447}"
EndProject
Project("{2150E333-8FDC-42A3-9474-1A3956D46DE8}") = "UserDriver", "UserDriver", "{EF5B8C36-81F5-4B56-9423-3DE6F95A3AE1}"
EndProject
Project("{8BC9CEB8-8B4A-11D0-8D11-00A0C91BC942}") = "KernelDriverApp", "KernelDriverApp\KernelDriverApp\KernelDriverApp.vcxproj", "{66BFBF4B-2392-4E11-B041-8327123C21EB}"
EndProject
Project("{8BC9CEB8-8B4A-11D0-8D11-00A0C91BC942}") = "UserDriverApp", "UserDriverApp\UserDriverApp\UserDriverApp.vcxproj", "{FD2D6C7E-0A29-4B4C-B0D0-2F51732344CD}"
EndProject
Project("{2150E333-8FDC-42A3-9474-1A3956D46DE8}") = "Algorithms", "Algorithms", "{B9D8F76F-A3B9-4BC5-96F1-1CCB5EFA75CC}"
EndProject
Project("{2150E333-8FDC-42A3-9474-1A3956D46DE8}") = "DataStructures", "DataStructures", "{75773D01-D163-491A-8162-0C6E4F5BDE6C}"
EndProject
Project("{8BC9CEB8-8B4A-11D0-8D11-00A0C91BC942}") = "DataStructuresImp", "DataStructuresImp\DataStructuresImp.vcxproj", "{7847B2A5-2681-4103-A2B1-A9B17B3EE530}"
EndProject
Project("{8BC9CEB8-8B4A-11D0-8D11-00A0C91BC942}") = "AlgorithmsImp", "AlgorithmsImp\AlgorithmsImp.vcxproj", "{D9A43368-8D47-4FC1-A1F6-E06E0924D448}"
EndProject
Project("{8BC9CEB8-8B4A-11D0-8D11-00A0C91BC942}") = "ShDynamicLibApp", "ShDynamicLibApp\ShDynamicLibApp.vcxproj", "{7855AFE3-4BE9-4506-9A1F-2A6463A04DD6}"
EndProject
Project("{2150E333-8FDC-42A3-9474-1A3956D46DE8}") = "Dynamic", "Dynamic", "{025056FD-BF56-4227-94B0-3D91DC35E854}"
EndProject
Project("{2150E333-8FDC-42A3-9474-1A3956D46DE8}") = "Static", "Static", "{C2082E63-DC20-4CC1-8A68-F4ACDCB327E0}"
EndProject
Project("{8BC9CEB8-8B4A-11D0-8D11-00A0C91BC942}") = "ShStaticLibApp", "ShStaticLibApp\ShStaticLibApp.vcxproj", "{8B259CD2-041E-425A-B61D-BA5339E53EE7}"
EndProject
Project("{FAE04EC0-301F-11D3-BF4B-00C04F79EFBC}") = "XamarinAndroid", "XamarinAndroid\XamarinAndroid.csproj", "{08ED800E-D924-4376-8568-4AE69572AB4E}"
EndProject
Project("{2150E333-8FDC-42A3-9474-1A3956D46DE8}") = "Xamarin", "Xamarin", "{DA92D033-4593-4693-871D-9AD89D87BCCE}"
EndProject
Project("{FAE04EC0-301F-11D3-BF4B-00C04F79EFBC}") = "XamarinIOS", "XamarinIOS\XamarinIOS.csproj", "{101E3060-8799-4119-8A7A-4F86A01C0C84}"
EndProject
Project("{8BC9CEB8-8B4A-11D0-8D11-00A0C91BC942}") = "LinuxConsoleApplication1", "LinuxConsoleApplication1\LinuxConsoleApplication1.vcxproj", "{C738D684-0F45-4A31-9350-FE164016A6D3}"
EndProject
Project("{2150E333-8FDC-42A3-9474-1A3956D46DE8}") = "LinuxConsoleApp", "LinuxConsoleApp", "{7398FCC4-8C87-4C4A-8D96-BFDAC4E98B2D}"
EndProject
Project("{9A19103F-16F7-4668-BE54-9A1E7A4F7556}") = "CodeRefactoring", "CodeRefactoring\CodeRefactoring\CodeRefactoring.csproj", "{EE01EEDA-A68F-4064-97C2-35BB54E3F91D}"
EndProject
Project("{FAE04EC0-301F-11D3-BF4B-00C04F79EFBC}") = "CodeRefactoring.Vsix", "CodeRefactoring\CodeRefactoring.Vsix\CodeRefactoring.Vsix.csproj", "{6E45B84B-32FB-4562-85AE-196D313B52B7}"
EndProject
Project("{2150E333-8FDC-42A3-9474-1A3956D46DE8}") = "Analyzer", "Analyzer", "{E140B4FB-93E3-4BF5-ACEB-451B2C8BB50A}"
EndProject
Project("{9A19103F-16F7-4668-BE54-9A1E7A4F7556}") = "Analyzer", "Analyzer\Analyzer\Analyzer.csproj", "{D700CB00-8D64-42DD-B345-7A2CE8E71B04}"
EndProject
Project("{9A19103F-16F7-4668-BE54-9A1E7A4F7556}") = "Analyzer.Test", "Analyzer\Analyzer.Test\Analyzer.Test.csproj", "{B3BAC3CC-3F40-4B73-A6A5-C47448CB08AD}"
EndProject
Project("{FAE04EC0-301F-11D3-BF4B-00C04F79EFBC}") = "Analyzer.Vsix", "Analyzer\Analyzer.Vsix\Analyzer.Vsix.csproj", "{0F92090B-7F4D-4039-A650-4C8154342804}"
EndProject
Project("{9A19103F-16F7-4668-BE54-9A1E7A4F7556}") = "CodeStandAnalysisApp", "CodeStandAnalysisApp\CodeStandAnalysisApp.csproj", "{37C01442-FF8C-4E21-AEB8-EF027A337D0D}"
EndProject
Global
	GlobalSection(SolutionConfigurationPlatforms) = preSolution
		Debug|Any CPU = Debug|Any CPU
		Debug|ARM = Debug|ARM
		Debug|ARM64 = Debug|ARM64
		Debug|iPhone = Debug|iPhone
		Debug|iPhoneSimulator = Debug|iPhoneSimulator
		Debug|VisualGDB = Debug|VisualGDB
		Debug|x64 = Debug|x64
		Debug|x86 = Debug|x86
		Release|Any CPU = Release|Any CPU
		Release|ARM = Release|ARM
		Release|ARM64 = Release|ARM64
		Release|iPhone = Release|iPhone
		Release|iPhoneSimulator = Release|iPhoneSimulator
		Release|VisualGDB = Release|VisualGDB
		Release|x64 = Release|x64
		Release|x86 = Release|x86
	EndGlobalSection
	GlobalSection(ProjectConfigurationPlatforms) = postSolution
		{C6E17647-E760-4948-9CB8-BA8CE61119A4}.Debug|Any CPU.ActiveCfg = Debug|Win32
		{C6E17647-E760-4948-9CB8-BA8CE61119A4}.Debug|ARM.ActiveCfg = Debug|Win32
		{C6E17647-E760-4948-9CB8-BA8CE61119A4}.Debug|ARM64.ActiveCfg = Debug|Win32
		{C6E17647-E760-4948-9CB8-BA8CE61119A4}.Debug|iPhone.ActiveCfg = Debug|Win32
		{C6E17647-E760-4948-9CB8-BA8CE61119A4}.Debug|iPhoneSimulator.ActiveCfg = Debug|Win32
		{C6E17647-E760-4948-9CB8-BA8CE61119A4}.Debug|VisualGDB.ActiveCfg = Debug|Win32
		{C6E17647-E760-4948-9CB8-BA8CE61119A4}.Debug|x64.ActiveCfg = Debug|x64
		{C6E17647-E760-4948-9CB8-BA8CE61119A4}.Debug|x64.Build.0 = Debug|x64
		{C6E17647-E760-4948-9CB8-BA8CE61119A4}.Debug|x86.ActiveCfg = Debug|Win32
		{C6E17647-E760-4948-9CB8-BA8CE61119A4}.Debug|x86.Build.0 = Debug|Win32
		{C6E17647-E760-4948-9CB8-BA8CE61119A4}.Release|Any CPU.ActiveCfg = Release|Win32
		{C6E17647-E760-4948-9CB8-BA8CE61119A4}.Release|ARM.ActiveCfg = Release|Win32
		{C6E17647-E760-4948-9CB8-BA8CE61119A4}.Release|ARM64.ActiveCfg = Release|Win32
		{C6E17647-E760-4948-9CB8-BA8CE61119A4}.Release|iPhone.ActiveCfg = Release|Win32
		{C6E17647-E760-4948-9CB8-BA8CE61119A4}.Release|iPhoneSimulator.ActiveCfg = Release|Win32
		{C6E17647-E760-4948-9CB8-BA8CE61119A4}.Release|VisualGDB.ActiveCfg = Release|Win32
		{C6E17647-E760-4948-9CB8-BA8CE61119A4}.Release|x64.ActiveCfg = Release|x64
		{C6E17647-E760-4948-9CB8-BA8CE61119A4}.Release|x64.Build.0 = Release|x64
		{C6E17647-E760-4948-9CB8-BA8CE61119A4}.Release|x86.ActiveCfg = Release|Win32
		{C6E17647-E760-4948-9CB8-BA8CE61119A4}.Release|x86.Build.0 = Release|Win32
		{294C86FD-AE77-4EB6-A439-91412438BF59}.Debug|Any CPU.ActiveCfg = Debug|Win32
		{294C86FD-AE77-4EB6-A439-91412438BF59}.Debug|ARM.ActiveCfg = Debug|Win32
		{294C86FD-AE77-4EB6-A439-91412438BF59}.Debug|ARM64.ActiveCfg = Debug|Win32
		{294C86FD-AE77-4EB6-A439-91412438BF59}.Debug|iPhone.ActiveCfg = Debug|Win32
		{294C86FD-AE77-4EB6-A439-91412438BF59}.Debug|iPhoneSimulator.ActiveCfg = Debug|Win32
		{294C86FD-AE77-4EB6-A439-91412438BF59}.Debug|VisualGDB.ActiveCfg = Debug|Win32
		{294C86FD-AE77-4EB6-A439-91412438BF59}.Debug|x64.ActiveCfg = Debug|x64
		{294C86FD-AE77-4EB6-A439-91412438BF59}.Debug|x64.Build.0 = Debug|x64
		{294C86FD-AE77-4EB6-A439-91412438BF59}.Debug|x86.ActiveCfg = Debug|Win32
		{294C86FD-AE77-4EB6-A439-91412438BF59}.Debug|x86.Build.0 = Debug|Win32
		{294C86FD-AE77-4EB6-A439-91412438BF59}.Release|Any CPU.ActiveCfg = Release|Win32
		{294C86FD-AE77-4EB6-A439-91412438BF59}.Release|ARM.ActiveCfg = Release|Win32
		{294C86FD-AE77-4EB6-A439-91412438BF59}.Release|ARM64.ActiveCfg = Release|Win32
		{294C86FD-AE77-4EB6-A439-91412438BF59}.Release|iPhone.ActiveCfg = Release|Win32
		{294C86FD-AE77-4EB6-A439-91412438BF59}.Release|iPhoneSimulator.ActiveCfg = Release|Win32
		{294C86FD-AE77-4EB6-A439-91412438BF59}.Release|VisualGDB.ActiveCfg = Release|Win32
		{294C86FD-AE77-4EB6-A439-91412438BF59}.Release|x64.ActiveCfg = Release|x64
		{294C86FD-AE77-4EB6-A439-91412438BF59}.Release|x64.Build.0 = Release|x64
		{294C86FD-AE77-4EB6-A439-91412438BF59}.Release|x86.ActiveCfg = Release|Win32
		{294C86FD-AE77-4EB6-A439-91412438BF59}.Release|x86.Build.0 = Release|Win32
		{E99AF12A-2734-47B9-88B2-18B53E6F269D}.Debug|Any CPU.ActiveCfg = Debug|Win32
		{E99AF12A-2734-47B9-88B2-18B53E6F269D}.Debug|ARM.ActiveCfg = Debug|Win32
		{E99AF12A-2734-47B9-88B2-18B53E6F269D}.Debug|ARM64.ActiveCfg = Debug|Win32
		{E99AF12A-2734-47B9-88B2-18B53E6F269D}.Debug|iPhone.ActiveCfg = Debug|Win32
		{E99AF12A-2734-47B9-88B2-18B53E6F269D}.Debug|iPhoneSimulator.ActiveCfg = Debug|Win32
		{E99AF12A-2734-47B9-88B2-18B53E6F269D}.Debug|VisualGDB.ActiveCfg = Debug|Win32
		{E99AF12A-2734-47B9-88B2-18B53E6F269D}.Debug|x64.ActiveCfg = Debug|x64
		{E99AF12A-2734-47B9-88B2-18B53E6F269D}.Debug|x64.Build.0 = Debug|x64
		{E99AF12A-2734-47B9-88B2-18B53E6F269D}.Debug|x86.ActiveCfg = Debug|Win32
		{E99AF12A-2734-47B9-88B2-18B53E6F269D}.Debug|x86.Build.0 = Debug|Win32
		{E99AF12A-2734-47B9-88B2-18B53E6F269D}.Release|Any CPU.ActiveCfg = Release|Win32
		{E99AF12A-2734-47B9-88B2-18B53E6F269D}.Release|ARM.ActiveCfg = Release|Win32
		{E99AF12A-2734-47B9-88B2-18B53E6F269D}.Release|ARM64.ActiveCfg = Release|Win32
		{E99AF12A-2734-47B9-88B2-18B53E6F269D}.Release|iPhone.ActiveCfg = Release|Win32
		{E99AF12A-2734-47B9-88B2-18B53E6F269D}.Release|iPhoneSimulator.ActiveCfg = Release|Win32
		{E99AF12A-2734-47B9-88B2-18B53E6F269D}.Release|VisualGDB.ActiveCfg = Release|Win32
		{E99AF12A-2734-47B9-88B2-18B53E6F269D}.Release|x64.ActiveCfg = Release|x64
		{E99AF12A-2734-47B9-88B2-18B53E6F269D}.Release|x64.Build.0 = Release|x64
		{E99AF12A-2734-47B9-88B2-18B53E6F269D}.Release|x86.ActiveCfg = Release|Win32
		{E99AF12A-2734-47B9-88B2-18B53E6F269D}.Release|x86.Build.0 = Release|Win32
		{E32DD46D-1D12-4F01-9019-C29095B256ED}.Debug|Any CPU.ActiveCfg = Debug|Win32
		{E32DD46D-1D12-4F01-9019-C29095B256ED}.Debug|ARM.ActiveCfg = Debug|Win32
		{E32DD46D-1D12-4F01-9019-C29095B256ED}.Debug|ARM64.ActiveCfg = Debug|Win32
		{E32DD46D-1D12-4F01-9019-C29095B256ED}.Debug|iPhone.ActiveCfg = Debug|Win32
		{E32DD46D-1D12-4F01-9019-C29095B256ED}.Debug|iPhoneSimulator.ActiveCfg = Debug|Win32
		{E32DD46D-1D12-4F01-9019-C29095B256ED}.Debug|VisualGDB.ActiveCfg = Debug|Win32
		{E32DD46D-1D12-4F01-9019-C29095B256ED}.Debug|x64.ActiveCfg = Debug|x64
		{E32DD46D-1D12-4F01-9019-C29095B256ED}.Debug|x64.Build.0 = Debug|x64
		{E32DD46D-1D12-4F01-9019-C29095B256ED}.Debug|x86.ActiveCfg = Debug|Win32
		{E32DD46D-1D12-4F01-9019-C29095B256ED}.Debug|x86.Build.0 = Debug|Win32
		{E32DD46D-1D12-4F01-9019-C29095B256ED}.Release|Any CPU.ActiveCfg = Release|Win32
		{E32DD46D-1D12-4F01-9019-C29095B256ED}.Release|ARM.ActiveCfg = Release|Win32
		{E32DD46D-1D12-4F01-9019-C29095B256ED}.Release|ARM64.ActiveCfg = Release|Win32
		{E32DD46D-1D12-4F01-9019-C29095B256ED}.Release|iPhone.ActiveCfg = Release|Win32
		{E32DD46D-1D12-4F01-9019-C29095B256ED}.Release|iPhoneSimulator.ActiveCfg = Release|Win32
		{E32DD46D-1D12-4F01-9019-C29095B256ED}.Release|VisualGDB.ActiveCfg = Release|Win32
		{E32DD46D-1D12-4F01-9019-C29095B256ED}.Release|x64.ActiveCfg = Release|x64
		{E32DD46D-1D12-4F01-9019-C29095B256ED}.Release|x64.Build.0 = Release|x64
		{E32DD46D-1D12-4F01-9019-C29095B256ED}.Release|x86.ActiveCfg = Release|Win32
		{E32DD46D-1D12-4F01-9019-C29095B256ED}.Release|x86.Build.0 = Release|Win32
		{E92F9091-3F1F-4DC4-BA30-3DD73C6E5BB9}.Debug|Any CPU.ActiveCfg = Debug|Win32
		{E92F9091-3F1F-4DC4-BA30-3DD73C6E5BB9}.Debug|ARM.ActiveCfg = Debug|Win32
		{E92F9091-3F1F-4DC4-BA30-3DD73C6E5BB9}.Debug|ARM64.ActiveCfg = Debug|Win32
		{E92F9091-3F1F-4DC4-BA30-3DD73C6E5BB9}.Debug|iPhone.ActiveCfg = Debug|Win32
		{E92F9091-3F1F-4DC4-BA30-3DD73C6E5BB9}.Debug|iPhoneSimulator.ActiveCfg = Debug|Win32
		{E92F9091-3F1F-4DC4-BA30-3DD73C6E5BB9}.Debug|VisualGDB.ActiveCfg = Debug|Win32
		{E92F9091-3F1F-4DC4-BA30-3DD73C6E5BB9}.Debug|x64.ActiveCfg = Debug|x64
		{E92F9091-3F1F-4DC4-BA30-3DD73C6E5BB9}.Debug|x64.Build.0 = Debug|x64
		{E92F9091-3F1F-4DC4-BA30-3DD73C6E5BB9}.Debug|x86.ActiveCfg = Debug|Win32
		{E92F9091-3F1F-4DC4-BA30-3DD73C6E5BB9}.Debug|x86.Build.0 = Debug|Win32
		{E92F9091-3F1F-4DC4-BA30-3DD73C6E5BB9}.Release|Any CPU.ActiveCfg = Release|Win32
		{E92F9091-3F1F-4DC4-BA30-3DD73C6E5BB9}.Release|ARM.ActiveCfg = Release|Win32
		{E92F9091-3F1F-4DC4-BA30-3DD73C6E5BB9}.Release|ARM64.ActiveCfg = Release|Win32
		{E92F9091-3F1F-4DC4-BA30-3DD73C6E5BB9}.Release|iPhone.ActiveCfg = Release|Win32
		{E92F9091-3F1F-4DC4-BA30-3DD73C6E5BB9}.Release|iPhoneSimulator.ActiveCfg = Release|Win32
		{E92F9091-3F1F-4DC4-BA30-3DD73C6E5BB9}.Release|VisualGDB.ActiveCfg = Release|Win32
		{E92F9091-3F1F-4DC4-BA30-3DD73C6E5BB9}.Release|x64.ActiveCfg = Release|x64
		{E92F9091-3F1F-4DC4-BA30-3DD73C6E5BB9}.Release|x64.Build.0 = Release|x64
		{E92F9091-3F1F-4DC4-BA30-3DD73C6E5BB9}.Release|x86.ActiveCfg = Release|Win32
		{E92F9091-3F1F-4DC4-BA30-3DD73C6E5BB9}.Release|x86.Build.0 = Release|Win32
		{75428354-A191-44F2-9203-E46D8A9F730C}.Debug|Any CPU.ActiveCfg = Debug|Win32
		{75428354-A191-44F2-9203-E46D8A9F730C}.Debug|ARM.ActiveCfg = Debug|Win32
		{75428354-A191-44F2-9203-E46D8A9F730C}.Debug|ARM64.ActiveCfg = Debug|Win32
		{75428354-A191-44F2-9203-E46D8A9F730C}.Debug|iPhone.ActiveCfg = Debug|Win32
		{75428354-A191-44F2-9203-E46D8A9F730C}.Debug|iPhoneSimulator.ActiveCfg = Debug|Win32
		{75428354-A191-44F2-9203-E46D8A9F730C}.Debug|VisualGDB.ActiveCfg = Debug|Win32
		{75428354-A191-44F2-9203-E46D8A9F730C}.Debug|x64.ActiveCfg = Debug|x64
		{75428354-A191-44F2-9203-E46D8A9F730C}.Debug|x64.Build.0 = Debug|x64
		{75428354-A191-44F2-9203-E46D8A9F730C}.Debug|x86.ActiveCfg = Debug|Win32
		{75428354-A191-44F2-9203-E46D8A9F730C}.Debug|x86.Build.0 = Debug|Win32
		{75428354-A191-44F2-9203-E46D8A9F730C}.Release|Any CPU.ActiveCfg = Release|Win32
		{75428354-A191-44F2-9203-E46D8A9F730C}.Release|ARM.ActiveCfg = Release|Win32
		{75428354-A191-44F2-9203-E46D8A9F730C}.Release|ARM64.ActiveCfg = Release|Win32
		{75428354-A191-44F2-9203-E46D8A9F730C}.Release|iPhone.ActiveCfg = Release|Win32
		{75428354-A191-44F2-9203-E46D8A9F730C}.Release|iPhoneSimulator.ActiveCfg = Release|Win32
		{75428354-A191-44F2-9203-E46D8A9F730C}.Release|VisualGDB.ActiveCfg = Release|Win32
		{75428354-A191-44F2-9203-E46D8A9F730C}.Release|x64.ActiveCfg = Release|x64
		{75428354-A191-44F2-9203-E46D8A9F730C}.Release|x64.Build.0 = Release|x64
		{75428354-A191-44F2-9203-E46D8A9F730C}.Release|x86.ActiveCfg = Release|Win32
		{75428354-A191-44F2-9203-E46D8A9F730C}.Release|x86.Build.0 = Release|Win32
		{1475E78F-1A0C-46BD-A748-DDD5221D60C8}.Debug|Any CPU.ActiveCfg = Debug|Win32
		{1475E78F-1A0C-46BD-A748-DDD5221D60C8}.Debug|ARM.ActiveCfg = Debug|Win32
		{1475E78F-1A0C-46BD-A748-DDD5221D60C8}.Debug|ARM64.ActiveCfg = Debug|Win32
		{1475E78F-1A0C-46BD-A748-DDD5221D60C8}.Debug|iPhone.ActiveCfg = Debug|Win32
		{1475E78F-1A0C-46BD-A748-DDD5221D60C8}.Debug|iPhoneSimulator.ActiveCfg = Debug|Win32
		{1475E78F-1A0C-46BD-A748-DDD5221D60C8}.Debug|VisualGDB.ActiveCfg = Debug|Win32
		{1475E78F-1A0C-46BD-A748-DDD5221D60C8}.Debug|x64.ActiveCfg = Debug|Win32
		{1475E78F-1A0C-46BD-A748-DDD5221D60C8}.Debug|x86.ActiveCfg = Debug|Win32
		{1475E78F-1A0C-46BD-A748-DDD5221D60C8}.Debug|x86.Build.0 = Debug|Win32
		{1475E78F-1A0C-46BD-A748-DDD5221D60C8}.Release|Any CPU.ActiveCfg = Release|Win32
		{1475E78F-1A0C-46BD-A748-DDD5221D60C8}.Release|ARM.ActiveCfg = Release|Win32
		{1475E78F-1A0C-46BD-A748-DDD5221D60C8}.Release|ARM64.ActiveCfg = Release|Win32
		{1475E78F-1A0C-46BD-A748-DDD5221D60C8}.Release|iPhone.ActiveCfg = Release|Win32
		{1475E78F-1A0C-46BD-A748-DDD5221D60C8}.Release|iPhoneSimulator.ActiveCfg = Release|Win32
		{1475E78F-1A0C-46BD-A748-DDD5221D60C8}.Release|VisualGDB.ActiveCfg = Release|Win32
		{1475E78F-1A0C-46BD-A748-DDD5221D60C8}.Release|x64.ActiveCfg = Release|Win32
		{1475E78F-1A0C-46BD-A748-DDD5221D60C8}.Release|x86.ActiveCfg = Release|Win32
		{1475E78F-1A0C-46BD-A748-DDD5221D60C8}.Release|x86.Build.0 = Release|Win32
		{9D360E3E-0D0E-4191-B924-0F01325E93FA}.Debug|Any CPU.ActiveCfg = Debug|Win32
		{9D360E3E-0D0E-4191-B924-0F01325E93FA}.Debug|ARM.ActiveCfg = Debug|Win32
		{9D360E3E-0D0E-4191-B924-0F01325E93FA}.Debug|ARM64.ActiveCfg = Debug|Win32
		{9D360E3E-0D0E-4191-B924-0F01325E93FA}.Debug|iPhone.ActiveCfg = Debug|Win32
		{9D360E3E-0D0E-4191-B924-0F01325E93FA}.Debug|iPhoneSimulator.ActiveCfg = Debug|Win32
		{9D360E3E-0D0E-4191-B924-0F01325E93FA}.Debug|VisualGDB.ActiveCfg = Debug|Win32
		{9D360E3E-0D0E-4191-B924-0F01325E93FA}.Debug|x64.ActiveCfg = Debug|Win32
		{9D360E3E-0D0E-4191-B924-0F01325E93FA}.Debug|x86.ActiveCfg = Debug|Win32
		{9D360E3E-0D0E-4191-B924-0F01325E93FA}.Debug|x86.Build.0 = Debug|Win32
		{9D360E3E-0D0E-4191-B924-0F01325E93FA}.Release|Any CPU.ActiveCfg = Release|Win32
		{9D360E3E-0D0E-4191-B924-0F01325E93FA}.Release|ARM.ActiveCfg = Release|Win32
		{9D360E3E-0D0E-4191-B924-0F01325E93FA}.Release|ARM64.ActiveCfg = Release|Win32
		{9D360E3E-0D0E-4191-B924-0F01325E93FA}.Release|iPhone.ActiveCfg = Release|Win32
		{9D360E3E-0D0E-4191-B924-0F01325E93FA}.Release|iPhoneSimulator.ActiveCfg = Release|Win32
		{9D360E3E-0D0E-4191-B924-0F01325E93FA}.Release|VisualGDB.ActiveCfg = Release|Win32
		{9D360E3E-0D0E-4191-B924-0F01325E93FA}.Release|x64.ActiveCfg = Release|Win32
		{9D360E3E-0D0E-4191-B924-0F01325E93FA}.Release|x86.ActiveCfg = Release|Win32
		{9D360E3E-0D0E-4191-B924-0F01325E93FA}.Release|x86.Build.0 = Release|Win32
		{593A5B39-B788-4876-B289-F7382FBD37BF}.Debug|Any CPU.ActiveCfg = Debug|Any CPU
		{593A5B39-B788-4876-B289-F7382FBD37BF}.Debug|Any CPU.Build.0 = Debug|Any CPU
		{593A5B39-B788-4876-B289-F7382FBD37BF}.Debug|ARM.ActiveCfg = Debug|Any CPU
		{593A5B39-B788-4876-B289-F7382FBD37BF}.Debug|ARM.Build.0 = Debug|Any CPU
		{593A5B39-B788-4876-B289-F7382FBD37BF}.Debug|ARM64.ActiveCfg = Debug|Any CPU
		{593A5B39-B788-4876-B289-F7382FBD37BF}.Debug|ARM64.Build.0 = Debug|Any CPU
		{593A5B39-B788-4876-B289-F7382FBD37BF}.Debug|iPhone.ActiveCfg = Debug|Any CPU
		{593A5B39-B788-4876-B289-F7382FBD37BF}.Debug|iPhone.Build.0 = Debug|Any CPU
		{593A5B39-B788-4876-B289-F7382FBD37BF}.Debug|iPhoneSimulator.ActiveCfg = Debug|Any CPU
		{593A5B39-B788-4876-B289-F7382FBD37BF}.Debug|iPhoneSimulator.Build.0 = Debug|Any CPU
		{593A5B39-B788-4876-B289-F7382FBD37BF}.Debug|VisualGDB.ActiveCfg = Debug|Any CPU
		{593A5B39-B788-4876-B289-F7382FBD37BF}.Debug|VisualGDB.Build.0 = Debug|Any CPU
		{593A5B39-B788-4876-B289-F7382FBD37BF}.Debug|x64.ActiveCfg = Debug|Any CPU
		{593A5B39-B788-4876-B289-F7382FBD37BF}.Debug|x64.Build.0 = Debug|Any CPU
		{593A5B39-B788-4876-B289-F7382FBD37BF}.Debug|x86.ActiveCfg = Debug|Any CPU
		{593A5B39-B788-4876-B289-F7382FBD37BF}.Debug|x86.Build.0 = Debug|Any CPU
		{593A5B39-B788-4876-B289-F7382FBD37BF}.Release|Any CPU.ActiveCfg = Release|Any CPU
		{593A5B39-B788-4876-B289-F7382FBD37BF}.Release|Any CPU.Build.0 = Release|Any CPU
		{593A5B39-B788-4876-B289-F7382FBD37BF}.Release|ARM.ActiveCfg = Release|Any CPU
		{593A5B39-B788-4876-B289-F7382FBD37BF}.Release|ARM.Build.0 = Release|Any CPU
		{593A5B39-B788-4876-B289-F7382FBD37BF}.Release|ARM64.ActiveCfg = Release|Any CPU
		{593A5B39-B788-4876-B289-F7382FBD37BF}.Release|ARM64.Build.0 = Release|Any CPU
		{593A5B39-B788-4876-B289-F7382FBD37BF}.Release|iPhone.ActiveCfg = Release|Any CPU
		{593A5B39-B788-4876-B289-F7382FBD37BF}.Release|iPhone.Build.0 = Release|Any CPU
		{593A5B39-B788-4876-B289-F7382FBD37BF}.Release|iPhoneSimulator.ActiveCfg = Release|Any CPU
		{593A5B39-B788-4876-B289-F7382FBD37BF}.Release|iPhoneSimulator.Build.0 = Release|Any CPU
		{593A5B39-B788-4876-B289-F7382FBD37BF}.Release|VisualGDB.ActiveCfg = Release|Any CPU
		{593A5B39-B788-4876-B289-F7382FBD37BF}.Release|VisualGDB.Build.0 = Release|Any CPU
		{593A5B39-B788-4876-B289-F7382FBD37BF}.Release|x64.ActiveCfg = Release|Any CPU
		{593A5B39-B788-4876-B289-F7382FBD37BF}.Release|x64.Build.0 = Release|Any CPU
		{593A5B39-B788-4876-B289-F7382FBD37BF}.Release|x86.ActiveCfg = Release|Any CPU
		{593A5B39-B788-4876-B289-F7382FBD37BF}.Release|x86.Build.0 = Release|Any CPU
		{ED094F57-8329-4289-9183-BA0DEEC567C2}.Debug|Any CPU.ActiveCfg = Debug|Win32
		{ED094F57-8329-4289-9183-BA0DEEC567C2}.Debug|ARM.ActiveCfg = Debug|ARM
		{ED094F57-8329-4289-9183-BA0DEEC567C2}.Debug|ARM.Build.0 = Debug|ARM
		{ED094F57-8329-4289-9183-BA0DEEC567C2}.Debug|ARM.Deploy.0 = Debug|ARM
		{ED094F57-8329-4289-9183-BA0DEEC567C2}.Debug|ARM64.ActiveCfg = Debug|ARM64
		{ED094F57-8329-4289-9183-BA0DEEC567C2}.Debug|ARM64.Build.0 = Debug|ARM64
		{ED094F57-8329-4289-9183-BA0DEEC567C2}.Debug|ARM64.Deploy.0 = Debug|ARM64
		{ED094F57-8329-4289-9183-BA0DEEC567C2}.Debug|iPhone.ActiveCfg = Debug|Win32
		{ED094F57-8329-4289-9183-BA0DEEC567C2}.Debug|iPhoneSimulator.ActiveCfg = Debug|Win32
		{ED094F57-8329-4289-9183-BA0DEEC567C2}.Debug|VisualGDB.ActiveCfg = Debug|Win32
		{ED094F57-8329-4289-9183-BA0DEEC567C2}.Debug|x64.ActiveCfg = Debug|x64
		{ED094F57-8329-4289-9183-BA0DEEC567C2}.Debug|x64.Build.0 = Debug|x64
		{ED094F57-8329-4289-9183-BA0DEEC567C2}.Debug|x64.Deploy.0 = Debug|x64
		{ED094F57-8329-4289-9183-BA0DEEC567C2}.Debug|x86.ActiveCfg = Debug|Win32
		{ED094F57-8329-4289-9183-BA0DEEC567C2}.Debug|x86.Build.0 = Debug|Win32
		{ED094F57-8329-4289-9183-BA0DEEC567C2}.Debug|x86.Deploy.0 = Debug|Win32
		{ED094F57-8329-4289-9183-BA0DEEC567C2}.Release|Any CPU.ActiveCfg = Release|Win32
		{ED094F57-8329-4289-9183-BA0DEEC567C2}.Release|ARM.ActiveCfg = Release|ARM
		{ED094F57-8329-4289-9183-BA0DEEC567C2}.Release|ARM.Build.0 = Release|ARM
		{ED094F57-8329-4289-9183-BA0DEEC567C2}.Release|ARM.Deploy.0 = Release|ARM
		{ED094F57-8329-4289-9183-BA0DEEC567C2}.Release|ARM64.ActiveCfg = Release|ARM64
		{ED094F57-8329-4289-9183-BA0DEEC567C2}.Release|ARM64.Build.0 = Release|ARM64
		{ED094F57-8329-4289-9183-BA0DEEC567C2}.Release|ARM64.Deploy.0 = Release|ARM64
		{ED094F57-8329-4289-9183-BA0DEEC567C2}.Release|iPhone.ActiveCfg = Release|Win32
		{ED094F57-8329-4289-9183-BA0DEEC567C2}.Release|iPhoneSimulator.ActiveCfg = Release|Win32
		{ED094F57-8329-4289-9183-BA0DEEC567C2}.Release|VisualGDB.ActiveCfg = Release|Win32
		{ED094F57-8329-4289-9183-BA0DEEC567C2}.Release|x64.ActiveCfg = Release|x64
		{ED094F57-8329-4289-9183-BA0DEEC567C2}.Release|x64.Build.0 = Release|x64
		{ED094F57-8329-4289-9183-BA0DEEC567C2}.Release|x64.Deploy.0 = Release|x64
		{ED094F57-8329-4289-9183-BA0DEEC567C2}.Release|x86.ActiveCfg = Release|Win32
		{ED094F57-8329-4289-9183-BA0DEEC567C2}.Release|x86.Build.0 = Release|Win32
		{ED094F57-8329-4289-9183-BA0DEEC567C2}.Release|x86.Deploy.0 = Release|Win32
		{9B401232-7F92-4411-95C8-3036242E4F34}.Debug|Any CPU.ActiveCfg = Debug|Win32
		{9B401232-7F92-4411-95C8-3036242E4F34}.Debug|ARM.ActiveCfg = Debug|ARM
		{9B401232-7F92-4411-95C8-3036242E4F34}.Debug|ARM.Build.0 = Debug|ARM
		{9B401232-7F92-4411-95C8-3036242E4F34}.Debug|ARM.Deploy.0 = Debug|ARM
		{9B401232-7F92-4411-95C8-3036242E4F34}.Debug|ARM64.ActiveCfg = Debug|ARM64
		{9B401232-7F92-4411-95C8-3036242E4F34}.Debug|ARM64.Build.0 = Debug|ARM64
		{9B401232-7F92-4411-95C8-3036242E4F34}.Debug|ARM64.Deploy.0 = Debug|ARM64
		{9B401232-7F92-4411-95C8-3036242E4F34}.Debug|iPhone.ActiveCfg = Debug|Win32
		{9B401232-7F92-4411-95C8-3036242E4F34}.Debug|iPhoneSimulator.ActiveCfg = Debug|Win32
		{9B401232-7F92-4411-95C8-3036242E4F34}.Debug|VisualGDB.ActiveCfg = Debug|Win32
		{9B401232-7F92-4411-95C8-3036242E4F34}.Debug|x64.ActiveCfg = Debug|x64
		{9B401232-7F92-4411-95C8-3036242E4F34}.Debug|x64.Build.0 = Debug|x64
		{9B401232-7F92-4411-95C8-3036242E4F34}.Debug|x64.Deploy.0 = Debug|x64
		{9B401232-7F92-4411-95C8-3036242E4F34}.Debug|x86.ActiveCfg = Debug|Win32
		{9B401232-7F92-4411-95C8-3036242E4F34}.Debug|x86.Build.0 = Debug|Win32
		{9B401232-7F92-4411-95C8-3036242E4F34}.Debug|x86.Deploy.0 = Debug|Win32
		{9B401232-7F92-4411-95C8-3036242E4F34}.Release|Any CPU.ActiveCfg = Release|Win32
		{9B401232-7F92-4411-95C8-3036242E4F34}.Release|ARM.ActiveCfg = Release|ARM
		{9B401232-7F92-4411-95C8-3036242E4F34}.Release|ARM.Build.0 = Release|ARM
		{9B401232-7F92-4411-95C8-3036242E4F34}.Release|ARM.Deploy.0 = Release|ARM
		{9B401232-7F92-4411-95C8-3036242E4F34}.Release|ARM64.ActiveCfg = Release|ARM64
		{9B401232-7F92-4411-95C8-3036242E4F34}.Release|ARM64.Build.0 = Release|ARM64
		{9B401232-7F92-4411-95C8-3036242E4F34}.Release|ARM64.Deploy.0 = Release|ARM64
		{9B401232-7F92-4411-95C8-3036242E4F34}.Release|iPhone.ActiveCfg = Release|Win32
		{9B401232-7F92-4411-95C8-3036242E4F34}.Release|iPhoneSimulator.ActiveCfg = Release|Win32
		{9B401232-7F92-4411-95C8-3036242E4F34}.Release|VisualGDB.ActiveCfg = Release|Win32
		{9B401232-7F92-4411-95C8-3036242E4F34}.Release|x64.ActiveCfg = Release|x64
		{9B401232-7F92-4411-95C8-3036242E4F34}.Release|x64.Build.0 = Release|x64
		{9B401232-7F92-4411-95C8-3036242E4F34}.Release|x64.Deploy.0 = Release|x64
		{9B401232-7F92-4411-95C8-3036242E4F34}.Release|x86.ActiveCfg = Release|Win32
		{9B401232-7F92-4411-95C8-3036242E4F34}.Release|x86.Build.0 = Release|Win32
		{9B401232-7F92-4411-95C8-3036242E4F34}.Release|x86.Deploy.0 = Release|Win32
		{65DB7FBF-75C9-48A5-AD6E-4709C46805E1}.Debug|Any CPU.ActiveCfg = Debug|Win32
		{65DB7FBF-75C9-48A5-AD6E-4709C46805E1}.Debug|ARM.ActiveCfg = Debug|ARM
		{65DB7FBF-75C9-48A5-AD6E-4709C46805E1}.Debug|ARM.Build.0 = Debug|ARM
		{65DB7FBF-75C9-48A5-AD6E-4709C46805E1}.Debug|ARM.Deploy.0 = Debug|ARM
		{65DB7FBF-75C9-48A5-AD6E-4709C46805E1}.Debug|ARM64.ActiveCfg = Debug|ARM64
		{65DB7FBF-75C9-48A5-AD6E-4709C46805E1}.Debug|ARM64.Build.0 = Debug|ARM64
		{65DB7FBF-75C9-48A5-AD6E-4709C46805E1}.Debug|ARM64.Deploy.0 = Debug|ARM64
		{65DB7FBF-75C9-48A5-AD6E-4709C46805E1}.Debug|iPhone.ActiveCfg = Debug|Win32
		{65DB7FBF-75C9-48A5-AD6E-4709C46805E1}.Debug|iPhoneSimulator.ActiveCfg = Debug|Win32
		{65DB7FBF-75C9-48A5-AD6E-4709C46805E1}.Debug|VisualGDB.ActiveCfg = Debug|Win32
		{65DB7FBF-75C9-48A5-AD6E-4709C46805E1}.Debug|x64.ActiveCfg = Debug|x64
		{65DB7FBF-75C9-48A5-AD6E-4709C46805E1}.Debug|x64.Build.0 = Debug|x64
		{65DB7FBF-75C9-48A5-AD6E-4709C46805E1}.Debug|x64.Deploy.0 = Debug|x64
		{65DB7FBF-75C9-48A5-AD6E-4709C46805E1}.Debug|x86.ActiveCfg = Debug|Win32
		{65DB7FBF-75C9-48A5-AD6E-4709C46805E1}.Debug|x86.Build.0 = Debug|Win32
		{65DB7FBF-75C9-48A5-AD6E-4709C46805E1}.Debug|x86.Deploy.0 = Debug|Win32
		{65DB7FBF-75C9-48A5-AD6E-4709C46805E1}.Release|Any CPU.ActiveCfg = Release|Win32
		{65DB7FBF-75C9-48A5-AD6E-4709C46805E1}.Release|ARM.ActiveCfg = Release|ARM
		{65DB7FBF-75C9-48A5-AD6E-4709C46805E1}.Release|ARM.Build.0 = Release|ARM
		{65DB7FBF-75C9-48A5-AD6E-4709C46805E1}.Release|ARM.Deploy.0 = Release|ARM
		{65DB7FBF-75C9-48A5-AD6E-4709C46805E1}.Release|ARM64.ActiveCfg = Release|ARM64
		{65DB7FBF-75C9-48A5-AD6E-4709C46805E1}.Release|ARM64.Build.0 = Release|ARM64
		{65DB7FBF-75C9-48A5-AD6E-4709C46805E1}.Release|ARM64.Deploy.0 = Release|ARM64
		{65DB7FBF-75C9-48A5-AD6E-4709C46805E1}.Release|iPhone.ActiveCfg = Release|Win32
		{65DB7FBF-75C9-48A5-AD6E-4709C46805E1}.Release|iPhoneSimulator.ActiveCfg = Release|Win32
		{65DB7FBF-75C9-48A5-AD6E-4709C46805E1}.Release|VisualGDB.ActiveCfg = Release|Win32
		{65DB7FBF-75C9-48A5-AD6E-4709C46805E1}.Release|x64.ActiveCfg = Release|x64
		{65DB7FBF-75C9-48A5-AD6E-4709C46805E1}.Release|x64.Build.0 = Release|x64
		{65DB7FBF-75C9-48A5-AD6E-4709C46805E1}.Release|x64.Deploy.0 = Release|x64
		{65DB7FBF-75C9-48A5-AD6E-4709C46805E1}.Release|x86.ActiveCfg = Release|Win32
		{65DB7FBF-75C9-48A5-AD6E-4709C46805E1}.Release|x86.Build.0 = Release|Win32
		{65DB7FBF-75C9-48A5-AD6E-4709C46805E1}.Release|x86.Deploy.0 = Release|Win32
		{7C1DB2CB-1FC7-4733-A59F-303379D0A963}.Debug|Any CPU.ActiveCfg = Debug|Win32
		{7C1DB2CB-1FC7-4733-A59F-303379D0A963}.Debug|ARM.ActiveCfg = Debug|ARM
		{7C1DB2CB-1FC7-4733-A59F-303379D0A963}.Debug|ARM.Build.0 = Debug|ARM
		{7C1DB2CB-1FC7-4733-A59F-303379D0A963}.Debug|ARM.Deploy.0 = Debug|ARM
		{7C1DB2CB-1FC7-4733-A59F-303379D0A963}.Debug|ARM64.ActiveCfg = Debug|ARM64
		{7C1DB2CB-1FC7-4733-A59F-303379D0A963}.Debug|ARM64.Build.0 = Debug|ARM64
		{7C1DB2CB-1FC7-4733-A59F-303379D0A963}.Debug|ARM64.Deploy.0 = Debug|ARM64
		{7C1DB2CB-1FC7-4733-A59F-303379D0A963}.Debug|iPhone.ActiveCfg = Debug|Win32
		{7C1DB2CB-1FC7-4733-A59F-303379D0A963}.Debug|iPhoneSimulator.ActiveCfg = Debug|Win32
		{7C1DB2CB-1FC7-4733-A59F-303379D0A963}.Debug|VisualGDB.ActiveCfg = Debug|Win32
		{7C1DB2CB-1FC7-4733-A59F-303379D0A963}.Debug|x64.ActiveCfg = Debug|x64
		{7C1DB2CB-1FC7-4733-A59F-303379D0A963}.Debug|x64.Build.0 = Debug|x64
		{7C1DB2CB-1FC7-4733-A59F-303379D0A963}.Debug|x64.Deploy.0 = Debug|x64
		{7C1DB2CB-1FC7-4733-A59F-303379D0A963}.Debug|x86.ActiveCfg = Debug|Win32
		{7C1DB2CB-1FC7-4733-A59F-303379D0A963}.Debug|x86.Build.0 = Debug|Win32
		{7C1DB2CB-1FC7-4733-A59F-303379D0A963}.Debug|x86.Deploy.0 = Debug|Win32
		{7C1DB2CB-1FC7-4733-A59F-303379D0A963}.Release|Any CPU.ActiveCfg = Release|Win32
		{7C1DB2CB-1FC7-4733-A59F-303379D0A963}.Release|ARM.ActiveCfg = Release|ARM
		{7C1DB2CB-1FC7-4733-A59F-303379D0A963}.Release|ARM.Build.0 = Release|ARM
		{7C1DB2CB-1FC7-4733-A59F-303379D0A963}.Release|ARM.Deploy.0 = Release|ARM
		{7C1DB2CB-1FC7-4733-A59F-303379D0A963}.Release|ARM64.ActiveCfg = Release|ARM64
		{7C1DB2CB-1FC7-4733-A59F-303379D0A963}.Release|ARM64.Build.0 = Release|ARM64
		{7C1DB2CB-1FC7-4733-A59F-303379D0A963}.Release|ARM64.Deploy.0 = Release|ARM64
		{7C1DB2CB-1FC7-4733-A59F-303379D0A963}.Release|iPhone.ActiveCfg = Release|Win32
		{7C1DB2CB-1FC7-4733-A59F-303379D0A963}.Release|iPhoneSimulator.ActiveCfg = Release|Win32
		{7C1DB2CB-1FC7-4733-A59F-303379D0A963}.Release|VisualGDB.ActiveCfg = Release|Win32
		{7C1DB2CB-1FC7-4733-A59F-303379D0A963}.Release|x64.ActiveCfg = Release|x64
		{7C1DB2CB-1FC7-4733-A59F-303379D0A963}.Release|x64.Build.0 = Release|x64
		{7C1DB2CB-1FC7-4733-A59F-303379D0A963}.Release|x64.Deploy.0 = Release|x64
		{7C1DB2CB-1FC7-4733-A59F-303379D0A963}.Release|x86.ActiveCfg = Release|Win32
		{7C1DB2CB-1FC7-4733-A59F-303379D0A963}.Release|x86.Build.0 = Release|Win32
		{7C1DB2CB-1FC7-4733-A59F-303379D0A963}.Release|x86.Deploy.0 = Release|Win32
		{66BFBF4B-2392-4E11-B041-8327123C21EB}.Debug|Any CPU.ActiveCfg = Debug|Win32
		{66BFBF4B-2392-4E11-B041-8327123C21EB}.Debug|ARM.ActiveCfg = Debug|ARM
		{66BFBF4B-2392-4E11-B041-8327123C21EB}.Debug|ARM.Build.0 = Debug|ARM
		{66BFBF4B-2392-4E11-B041-8327123C21EB}.Debug|ARM64.ActiveCfg = Debug|ARM64
		{66BFBF4B-2392-4E11-B041-8327123C21EB}.Debug|ARM64.Build.0 = Debug|ARM64
		{66BFBF4B-2392-4E11-B041-8327123C21EB}.Debug|iPhone.ActiveCfg = Debug|Win32
		{66BFBF4B-2392-4E11-B041-8327123C21EB}.Debug|iPhoneSimulator.ActiveCfg = Debug|Win32
		{66BFBF4B-2392-4E11-B041-8327123C21EB}.Debug|VisualGDB.ActiveCfg = Debug|Win32
		{66BFBF4B-2392-4E11-B041-8327123C21EB}.Debug|x64.ActiveCfg = Debug|x64
		{66BFBF4B-2392-4E11-B041-8327123C21EB}.Debug|x64.Build.0 = Debug|x64
		{66BFBF4B-2392-4E11-B041-8327123C21EB}.Debug|x86.ActiveCfg = Debug|Win32
		{66BFBF4B-2392-4E11-B041-8327123C21EB}.Debug|x86.Build.0 = Debug|Win32
		{66BFBF4B-2392-4E11-B041-8327123C21EB}.Release|Any CPU.ActiveCfg = Release|Win32
		{66BFBF4B-2392-4E11-B041-8327123C21EB}.Release|ARM.ActiveCfg = Release|ARM
		{66BFBF4B-2392-4E11-B041-8327123C21EB}.Release|ARM.Build.0 = Release|ARM
		{66BFBF4B-2392-4E11-B041-8327123C21EB}.Release|ARM64.ActiveCfg = Release|ARM64
		{66BFBF4B-2392-4E11-B041-8327123C21EB}.Release|ARM64.Build.0 = Release|ARM64
		{66BFBF4B-2392-4E11-B041-8327123C21EB}.Release|iPhone.ActiveCfg = Release|Win32
		{66BFBF4B-2392-4E11-B041-8327123C21EB}.Release|iPhoneSimulator.ActiveCfg = Release|Win32
		{66BFBF4B-2392-4E11-B041-8327123C21EB}.Release|VisualGDB.ActiveCfg = Release|Win32
		{66BFBF4B-2392-4E11-B041-8327123C21EB}.Release|x64.ActiveCfg = Release|x64
		{66BFBF4B-2392-4E11-B041-8327123C21EB}.Release|x64.Build.0 = Release|x64
		{66BFBF4B-2392-4E11-B041-8327123C21EB}.Release|x86.ActiveCfg = Release|Win32
		{66BFBF4B-2392-4E11-B041-8327123C21EB}.Release|x86.Build.0 = Release|Win32
		{FD2D6C7E-0A29-4B4C-B0D0-2F51732344CD}.Debug|Any CPU.ActiveCfg = Debug|Win32
		{FD2D6C7E-0A29-4B4C-B0D0-2F51732344CD}.Debug|ARM.ActiveCfg = Debug|ARM
		{FD2D6C7E-0A29-4B4C-B0D0-2F51732344CD}.Debug|ARM.Build.0 = Debug|ARM
		{FD2D6C7E-0A29-4B4C-B0D0-2F51732344CD}.Debug|ARM64.ActiveCfg = Debug|ARM64
		{FD2D6C7E-0A29-4B4C-B0D0-2F51732344CD}.Debug|ARM64.Build.0 = Debug|ARM64
		{FD2D6C7E-0A29-4B4C-B0D0-2F51732344CD}.Debug|iPhone.ActiveCfg = Debug|Win32
		{FD2D6C7E-0A29-4B4C-B0D0-2F51732344CD}.Debug|iPhoneSimulator.ActiveCfg = Debug|Win32
		{FD2D6C7E-0A29-4B4C-B0D0-2F51732344CD}.Debug|VisualGDB.ActiveCfg = Debug|Win32
		{FD2D6C7E-0A29-4B4C-B0D0-2F51732344CD}.Debug|x64.ActiveCfg = Debug|x64
		{FD2D6C7E-0A29-4B4C-B0D0-2F51732344CD}.Debug|x64.Build.0 = Debug|x64
		{FD2D6C7E-0A29-4B4C-B0D0-2F51732344CD}.Debug|x86.ActiveCfg = Debug|Win32
		{FD2D6C7E-0A29-4B4C-B0D0-2F51732344CD}.Debug|x86.Build.0 = Debug|Win32
		{FD2D6C7E-0A29-4B4C-B0D0-2F51732344CD}.Release|Any CPU.ActiveCfg = Release|Win32
		{FD2D6C7E-0A29-4B4C-B0D0-2F51732344CD}.Release|ARM.ActiveCfg = Release|ARM
		{FD2D6C7E-0A29-4B4C-B0D0-2F51732344CD}.Release|ARM.Build.0 = Release|ARM
		{FD2D6C7E-0A29-4B4C-B0D0-2F51732344CD}.Release|ARM64.ActiveCfg = Release|ARM64
		{FD2D6C7E-0A29-4B4C-B0D0-2F51732344CD}.Release|ARM64.Build.0 = Release|ARM64
		{FD2D6C7E-0A29-4B4C-B0D0-2F51732344CD}.Release|iPhone.ActiveCfg = Release|Win32
		{FD2D6C7E-0A29-4B4C-B0D0-2F51732344CD}.Release|iPhoneSimulator.ActiveCfg = Release|Win32
		{FD2D6C7E-0A29-4B4C-B0D0-2F51732344CD}.Release|VisualGDB.ActiveCfg = Release|Win32
		{FD2D6C7E-0A29-4B4C-B0D0-2F51732344CD}.Release|x64.ActiveCfg = Release|x64
		{FD2D6C7E-0A29-4B4C-B0D0-2F51732344CD}.Release|x64.Build.0 = Release|x64
		{FD2D6C7E-0A29-4B4C-B0D0-2F51732344CD}.Release|x86.ActiveCfg = Release|Win32
		{FD2D6C7E-0A29-4B4C-B0D0-2F51732344CD}.Release|x86.Build.0 = Release|Win32
		{7847B2A5-2681-4103-A2B1-A9B17B3EE530}.Debug|Any CPU.ActiveCfg = Debug|Win32
		{7847B2A5-2681-4103-A2B1-A9B17B3EE530}.Debug|ARM.ActiveCfg = Debug|Win32
		{7847B2A5-2681-4103-A2B1-A9B17B3EE530}.Debug|ARM64.ActiveCfg = Debug|Win32
		{7847B2A5-2681-4103-A2B1-A9B17B3EE530}.Debug|iPhone.ActiveCfg = Debug|Win32
		{7847B2A5-2681-4103-A2B1-A9B17B3EE530}.Debug|iPhoneSimulator.ActiveCfg = Debug|Win32
		{7847B2A5-2681-4103-A2B1-A9B17B3EE530}.Debug|VisualGDB.ActiveCfg = Debug|Win32
		{7847B2A5-2681-4103-A2B1-A9B17B3EE530}.Debug|x64.ActiveCfg = Debug|x64
		{7847B2A5-2681-4103-A2B1-A9B17B3EE530}.Debug|x64.Build.0 = Debug|x64
		{7847B2A5-2681-4103-A2B1-A9B17B3EE530}.Debug|x86.ActiveCfg = Debug|Win32
		{7847B2A5-2681-4103-A2B1-A9B17B3EE530}.Debug|x86.Build.0 = Debug|Win32
		{7847B2A5-2681-4103-A2B1-A9B17B3EE530}.Release|Any CPU.ActiveCfg = Release|Win32
		{7847B2A5-2681-4103-A2B1-A9B17B3EE530}.Release|ARM.ActiveCfg = Release|Win32
		{7847B2A5-2681-4103-A2B1-A9B17B3EE530}.Release|ARM64.ActiveCfg = Release|Win32
		{7847B2A5-2681-4103-A2B1-A9B17B3EE530}.Release|iPhone.ActiveCfg = Release|Win32
		{7847B2A5-2681-4103-A2B1-A9B17B3EE530}.Release|iPhoneSimulator.ActiveCfg = Release|Win32
		{7847B2A5-2681-4103-A2B1-A9B17B3EE530}.Release|VisualGDB.ActiveCfg = Release|Win32
		{7847B2A5-2681-4103-A2B1-A9B17B3EE530}.Release|x64.ActiveCfg = Release|x64
		{7847B2A5-2681-4103-A2B1-A9B17B3EE530}.Release|x64.Build.0 = Release|x64
		{7847B2A5-2681-4103-A2B1-A9B17B3EE530}.Release|x86.ActiveCfg = Release|Win32
		{7847B2A5-2681-4103-A2B1-A9B17B3EE530}.Release|x86.Build.0 = Release|Win32
		{D9A43368-8D47-4FC1-A1F6-E06E0924D448}.Debug|Any CPU.ActiveCfg = Debug|Win32
		{D9A43368-8D47-4FC1-A1F6-E06E0924D448}.Debug|ARM.ActiveCfg = Debug|Win32
		{D9A43368-8D47-4FC1-A1F6-E06E0924D448}.Debug|ARM64.ActiveCfg = Debug|Win32
		{D9A43368-8D47-4FC1-A1F6-E06E0924D448}.Debug|iPhone.ActiveCfg = Debug|Win32
		{D9A43368-8D47-4FC1-A1F6-E06E0924D448}.Debug|iPhoneSimulator.ActiveCfg = Debug|Win32
		{D9A43368-8D47-4FC1-A1F6-E06E0924D448}.Debug|VisualGDB.ActiveCfg = Debug|Win32
		{D9A43368-8D47-4FC1-A1F6-E06E0924D448}.Debug|x64.ActiveCfg = Debug|x64
		{D9A43368-8D47-4FC1-A1F6-E06E0924D448}.Debug|x64.Build.0 = Debug|x64
		{D9A43368-8D47-4FC1-A1F6-E06E0924D448}.Debug|x86.ActiveCfg = Debug|Win32
		{D9A43368-8D47-4FC1-A1F6-E06E0924D448}.Debug|x86.Build.0 = Debug|Win32
		{D9A43368-8D47-4FC1-A1F6-E06E0924D448}.Release|Any CPU.ActiveCfg = Release|Win32
		{D9A43368-8D47-4FC1-A1F6-E06E0924D448}.Release|ARM.ActiveCfg = Release|Win32
		{D9A43368-8D47-4FC1-A1F6-E06E0924D448}.Release|ARM64.ActiveCfg = Release|Win32
		{D9A43368-8D47-4FC1-A1F6-E06E0924D448}.Release|iPhone.ActiveCfg = Release|Win32
		{D9A43368-8D47-4FC1-A1F6-E06E0924D448}.Release|iPhoneSimulator.ActiveCfg = Release|Win32
		{D9A43368-8D47-4FC1-A1F6-E06E0924D448}.Release|VisualGDB.ActiveCfg = Release|Win32
		{D9A43368-8D47-4FC1-A1F6-E06E0924D448}.Release|x64.ActiveCfg = Release|x64
		{D9A43368-8D47-4FC1-A1F6-E06E0924D448}.Release|x64.Build.0 = Release|x64
		{D9A43368-8D47-4FC1-A1F6-E06E0924D448}.Release|x86.ActiveCfg = Release|Win32
		{D9A43368-8D47-4FC1-A1F6-E06E0924D448}.Release|x86.Build.0 = Release|Win32
		{7855AFE3-4BE9-4506-9A1F-2A6463A04DD6}.Debug|Any CPU.ActiveCfg = Debug|Win32
		{7855AFE3-4BE9-4506-9A1F-2A6463A04DD6}.Debug|ARM.ActiveCfg = Debug|Win32
		{7855AFE3-4BE9-4506-9A1F-2A6463A04DD6}.Debug|ARM64.ActiveCfg = Debug|Win32
		{7855AFE3-4BE9-4506-9A1F-2A6463A04DD6}.Debug|iPhone.ActiveCfg = Debug|Win32
		{7855AFE3-4BE9-4506-9A1F-2A6463A04DD6}.Debug|iPhoneSimulator.ActiveCfg = Debug|Win32
		{7855AFE3-4BE9-4506-9A1F-2A6463A04DD6}.Debug|VisualGDB.ActiveCfg = Debug|Win32
		{7855AFE3-4BE9-4506-9A1F-2A6463A04DD6}.Debug|x64.ActiveCfg = Debug|x64
		{7855AFE3-4BE9-4506-9A1F-2A6463A04DD6}.Debug|x64.Build.0 = Debug|x64
		{7855AFE3-4BE9-4506-9A1F-2A6463A04DD6}.Debug|x86.ActiveCfg = Debug|Win32
		{7855AFE3-4BE9-4506-9A1F-2A6463A04DD6}.Debug|x86.Build.0 = Debug|Win32
		{7855AFE3-4BE9-4506-9A1F-2A6463A04DD6}.Release|Any CPU.ActiveCfg = Release|Win32
		{7855AFE3-4BE9-4506-9A1F-2A6463A04DD6}.Release|ARM.ActiveCfg = Release|Win32
		{7855AFE3-4BE9-4506-9A1F-2A6463A04DD6}.Release|ARM64.ActiveCfg = Release|Win32
		{7855AFE3-4BE9-4506-9A1F-2A6463A04DD6}.Release|iPhone.ActiveCfg = Release|Win32
		{7855AFE3-4BE9-4506-9A1F-2A6463A04DD6}.Release|iPhoneSimulator.ActiveCfg = Release|Win32
		{7855AFE3-4BE9-4506-9A1F-2A6463A04DD6}.Release|VisualGDB.ActiveCfg = Release|Win32
		{7855AFE3-4BE9-4506-9A1F-2A6463A04DD6}.Release|x64.ActiveCfg = Release|x64
		{7855AFE3-4BE9-4506-9A1F-2A6463A04DD6}.Release|x64.Build.0 = Release|x64
		{7855AFE3-4BE9-4506-9A1F-2A6463A04DD6}.Release|x86.ActiveCfg = Release|Win32
		{7855AFE3-4BE9-4506-9A1F-2A6463A04DD6}.Release|x86.Build.0 = Release|Win32
		{8B259CD2-041E-425A-B61D-BA5339E53EE7}.Debug|Any CPU.ActiveCfg = Debug|Win32
		{8B259CD2-041E-425A-B61D-BA5339E53EE7}.Debug|ARM.ActiveCfg = Debug|Win32
		{8B259CD2-041E-425A-B61D-BA5339E53EE7}.Debug|ARM64.ActiveCfg = Debug|Win32
		{8B259CD2-041E-425A-B61D-BA5339E53EE7}.Debug|iPhone.ActiveCfg = Debug|Win32
		{8B259CD2-041E-425A-B61D-BA5339E53EE7}.Debug|iPhoneSimulator.ActiveCfg = Debug|Win32
		{8B259CD2-041E-425A-B61D-BA5339E53EE7}.Debug|VisualGDB.ActiveCfg = Debug|Win32
		{8B259CD2-041E-425A-B61D-BA5339E53EE7}.Debug|x64.ActiveCfg = Debug|x64
		{8B259CD2-041E-425A-B61D-BA5339E53EE7}.Debug|x64.Build.0 = Debug|x64
		{8B259CD2-041E-425A-B61D-BA5339E53EE7}.Debug|x86.ActiveCfg = Debug|Win32
		{8B259CD2-041E-425A-B61D-BA5339E53EE7}.Debug|x86.Build.0 = Debug|Win32
		{8B259CD2-041E-425A-B61D-BA5339E53EE7}.Release|Any CPU.ActiveCfg = Release|Win32
		{8B259CD2-041E-425A-B61D-BA5339E53EE7}.Release|ARM.ActiveCfg = Release|Win32
		{8B259CD2-041E-425A-B61D-BA5339E53EE7}.Release|ARM64.ActiveCfg = Release|Win32
		{8B259CD2-041E-425A-B61D-BA5339E53EE7}.Release|iPhone.ActiveCfg = Release|Win32
		{8B259CD2-041E-425A-B61D-BA5339E53EE7}.Release|iPhoneSimulator.ActiveCfg = Release|Win32
		{8B259CD2-041E-425A-B61D-BA5339E53EE7}.Release|VisualGDB.ActiveCfg = Release|Win32
		{8B259CD2-041E-425A-B61D-BA5339E53EE7}.Release|x64.ActiveCfg = Release|x64
		{8B259CD2-041E-425A-B61D-BA5339E53EE7}.Release|x64.Build.0 = Release|x64
		{8B259CD2-041E-425A-B61D-BA5339E53EE7}.Release|x86.ActiveCfg = Release|Win32
		{8B259CD2-041E-425A-B61D-BA5339E53EE7}.Release|x86.Build.0 = Release|Win32
		{08ED800E-D924-4376-8568-4AE69572AB4E}.Debug|Any CPU.ActiveCfg = Debug|Any CPU
		{08ED800E-D924-4376-8568-4AE69572AB4E}.Debug|Any CPU.Build.0 = Debug|Any CPU
		{08ED800E-D924-4376-8568-4AE69572AB4E}.Debug|Any CPU.Deploy.0 = Debug|Any CPU
		{08ED800E-D924-4376-8568-4AE69572AB4E}.Debug|ARM.ActiveCfg = Debug|Any CPU
		{08ED800E-D924-4376-8568-4AE69572AB4E}.Debug|ARM.Build.0 = Debug|Any CPU
		{08ED800E-D924-4376-8568-4AE69572AB4E}.Debug|ARM.Deploy.0 = Debug|Any CPU
		{08ED800E-D924-4376-8568-4AE69572AB4E}.Debug|ARM64.ActiveCfg = Debug|Any CPU
		{08ED800E-D924-4376-8568-4AE69572AB4E}.Debug|ARM64.Build.0 = Debug|Any CPU
		{08ED800E-D924-4376-8568-4AE69572AB4E}.Debug|ARM64.Deploy.0 = Debug|Any CPU
		{08ED800E-D924-4376-8568-4AE69572AB4E}.Debug|iPhone.ActiveCfg = Debug|Any CPU
		{08ED800E-D924-4376-8568-4AE69572AB4E}.Debug|iPhone.Build.0 = Debug|Any CPU
		{08ED800E-D924-4376-8568-4AE69572AB4E}.Debug|iPhone.Deploy.0 = Debug|Any CPU
		{08ED800E-D924-4376-8568-4AE69572AB4E}.Debug|iPhoneSimulator.ActiveCfg = Debug|Any CPU
		{08ED800E-D924-4376-8568-4AE69572AB4E}.Debug|iPhoneSimulator.Build.0 = Debug|Any CPU
		{08ED800E-D924-4376-8568-4AE69572AB4E}.Debug|iPhoneSimulator.Deploy.0 = Debug|Any CPU
		{08ED800E-D924-4376-8568-4AE69572AB4E}.Debug|VisualGDB.ActiveCfg = Debug|Any CPU
		{08ED800E-D924-4376-8568-4AE69572AB4E}.Debug|VisualGDB.Build.0 = Debug|Any CPU
		{08ED800E-D924-4376-8568-4AE69572AB4E}.Debug|VisualGDB.Deploy.0 = Debug|Any CPU
		{08ED800E-D924-4376-8568-4AE69572AB4E}.Debug|x64.ActiveCfg = Debug|Any CPU
		{08ED800E-D924-4376-8568-4AE69572AB4E}.Debug|x64.Build.0 = Debug|Any CPU
		{08ED800E-D924-4376-8568-4AE69572AB4E}.Debug|x64.Deploy.0 = Debug|Any CPU
		{08ED800E-D924-4376-8568-4AE69572AB4E}.Debug|x86.ActiveCfg = Debug|Any CPU
		{08ED800E-D924-4376-8568-4AE69572AB4E}.Debug|x86.Build.0 = Debug|Any CPU
		{08ED800E-D924-4376-8568-4AE69572AB4E}.Debug|x86.Deploy.0 = Debug|Any CPU
		{08ED800E-D924-4376-8568-4AE69572AB4E}.Release|Any CPU.ActiveCfg = Release|Any CPU
		{08ED800E-D924-4376-8568-4AE69572AB4E}.Release|Any CPU.Build.0 = Release|Any CPU
		{08ED800E-D924-4376-8568-4AE69572AB4E}.Release|Any CPU.Deploy.0 = Release|Any CPU
		{08ED800E-D924-4376-8568-4AE69572AB4E}.Release|ARM.ActiveCfg = Release|Any CPU
		{08ED800E-D924-4376-8568-4AE69572AB4E}.Release|ARM.Build.0 = Release|Any CPU
		{08ED800E-D924-4376-8568-4AE69572AB4E}.Release|ARM.Deploy.0 = Release|Any CPU
		{08ED800E-D924-4376-8568-4AE69572AB4E}.Release|ARM64.ActiveCfg = Release|Any CPU
		{08ED800E-D924-4376-8568-4AE69572AB4E}.Release|ARM64.Build.0 = Release|Any CPU
		{08ED800E-D924-4376-8568-4AE69572AB4E}.Release|ARM64.Deploy.0 = Release|Any CPU
		{08ED800E-D924-4376-8568-4AE69572AB4E}.Release|iPhone.ActiveCfg = Release|Any CPU
		{08ED800E-D924-4376-8568-4AE69572AB4E}.Release|iPhone.Build.0 = Release|Any CPU
		{08ED800E-D924-4376-8568-4AE69572AB4E}.Release|iPhone.Deploy.0 = Release|Any CPU
		{08ED800E-D924-4376-8568-4AE69572AB4E}.Release|iPhoneSimulator.ActiveCfg = Release|Any CPU
		{08ED800E-D924-4376-8568-4AE69572AB4E}.Release|iPhoneSimulator.Build.0 = Release|Any CPU
		{08ED800E-D924-4376-8568-4AE69572AB4E}.Release|iPhoneSimulator.Deploy.0 = Release|Any CPU
		{08ED800E-D924-4376-8568-4AE69572AB4E}.Release|VisualGDB.ActiveCfg = Release|Any CPU
		{08ED800E-D924-4376-8568-4AE69572AB4E}.Release|VisualGDB.Build.0 = Release|Any CPU
		{08ED800E-D924-4376-8568-4AE69572AB4E}.Release|VisualGDB.Deploy.0 = Release|Any CPU
		{08ED800E-D924-4376-8568-4AE69572AB4E}.Release|x64.ActiveCfg = Release|Any CPU
		{08ED800E-D924-4376-8568-4AE69572AB4E}.Release|x64.Build.0 = Release|Any CPU
		{08ED800E-D924-4376-8568-4AE69572AB4E}.Release|x64.Deploy.0 = Release|Any CPU
		{08ED800E-D924-4376-8568-4AE69572AB4E}.Release|x86.ActiveCfg = Release|Any CPU
		{08ED800E-D924-4376-8568-4AE69572AB4E}.Release|x86.Build.0 = Release|Any CPU
		{08ED800E-D924-4376-8568-4AE69572AB4E}.Release|x86.Deploy.0 = Release|Any CPU
		{101E3060-8799-4119-8A7A-4F86A01C0C84}.Debug|Any CPU.ActiveCfg = Debug|iPhone
		{101E3060-8799-4119-8A7A-4F86A01C0C84}.Debug|ARM.ActiveCfg = Debug|iPhone
		{101E3060-8799-4119-8A7A-4F86A01C0C84}.Debug|ARM64.ActiveCfg = Debug|iPhone
		{101E3060-8799-4119-8A7A-4F86A01C0C84}.Debug|iPhone.ActiveCfg = Debug|iPhone
		{101E3060-8799-4119-8A7A-4F86A01C0C84}.Debug|iPhone.Build.0 = Debug|iPhone
		{101E3060-8799-4119-8A7A-4F86A01C0C84}.Debug|iPhoneSimulator.ActiveCfg = Debug|iPhoneSimulator
		{101E3060-8799-4119-8A7A-4F86A01C0C84}.Debug|iPhoneSimulator.Build.0 = Debug|iPhoneSimulator
		{101E3060-8799-4119-8A7A-4F86A01C0C84}.Debug|VisualGDB.ActiveCfg = Debug|iPhoneSimulator
		{101E3060-8799-4119-8A7A-4F86A01C0C84}.Debug|x64.ActiveCfg = Debug|iPhone
		{101E3060-8799-4119-8A7A-4F86A01C0C84}.Debug|x86.ActiveCfg = Debug|iPhone
		{101E3060-8799-4119-8A7A-4F86A01C0C84}.Release|Any CPU.ActiveCfg = Release|iPhone
		{101E3060-8799-4119-8A7A-4F86A01C0C84}.Release|ARM.ActiveCfg = Release|iPhone
		{101E3060-8799-4119-8A7A-4F86A01C0C84}.Release|ARM64.ActiveCfg = Release|iPhone
		{101E3060-8799-4119-8A7A-4F86A01C0C84}.Release|iPhone.ActiveCfg = Release|iPhone
		{101E3060-8799-4119-8A7A-4F86A01C0C84}.Release|iPhone.Build.0 = Release|iPhone
		{101E3060-8799-4119-8A7A-4F86A01C0C84}.Release|iPhoneSimulator.ActiveCfg = Release|iPhoneSimulator
		{101E3060-8799-4119-8A7A-4F86A01C0C84}.Release|iPhoneSimulator.Build.0 = Release|iPhoneSimulator
		{101E3060-8799-4119-8A7A-4F86A01C0C84}.Release|VisualGDB.ActiveCfg = Release|iPhoneSimulator
		{101E3060-8799-4119-8A7A-4F86A01C0C84}.Release|x64.ActiveCfg = Release|iPhone
		{101E3060-8799-4119-8A7A-4F86A01C0C84}.Release|x86.ActiveCfg = Release|iPhone
		{C738D684-0F45-4A31-9350-FE164016A6D3}.Debug|Any CPU.ActiveCfg = Debug|x86
		{C738D684-0F45-4A31-9350-FE164016A6D3}.Debug|ARM.ActiveCfg = Debug|ARM
		{C738D684-0F45-4A31-9350-FE164016A6D3}.Debug|ARM.Build.0 = Debug|ARM
		{C738D684-0F45-4A31-9350-FE164016A6D3}.Debug|ARM64.ActiveCfg = Debug|ARM64
		{C738D684-0F45-4A31-9350-FE164016A6D3}.Debug|ARM64.Build.0 = Debug|ARM64
		{C738D684-0F45-4A31-9350-FE164016A6D3}.Debug|iPhone.ActiveCfg = Debug|x86
		{C738D684-0F45-4A31-9350-FE164016A6D3}.Debug|iPhoneSimulator.ActiveCfg = Debug|x86
		{C738D684-0F45-4A31-9350-FE164016A6D3}.Debug|VisualGDB.ActiveCfg = Debug|x86
		{C738D684-0F45-4A31-9350-FE164016A6D3}.Debug|x64.ActiveCfg = Debug|x64
		{C738D684-0F45-4A31-9350-FE164016A6D3}.Debug|x64.Build.0 = Debug|x64
		{C738D684-0F45-4A31-9350-FE164016A6D3}.Debug|x86.ActiveCfg = Debug|x86
		{C738D684-0F45-4A31-9350-FE164016A6D3}.Debug|x86.Build.0 = Debug|x86
		{C738D684-0F45-4A31-9350-FE164016A6D3}.Release|Any CPU.ActiveCfg = Release|x86
		{C738D684-0F45-4A31-9350-FE164016A6D3}.Release|ARM.ActiveCfg = Release|ARM
		{C738D684-0F45-4A31-9350-FE164016A6D3}.Release|ARM.Build.0 = Release|ARM
		{C738D684-0F45-4A31-9350-FE164016A6D3}.Release|ARM64.ActiveCfg = Release|ARM64
		{C738D684-0F45-4A31-9350-FE164016A6D3}.Release|ARM64.Build.0 = Release|ARM64
		{C738D684-0F45-4A31-9350-FE164016A6D3}.Release|iPhone.ActiveCfg = Release|x86
		{C738D684-0F45-4A31-9350-FE164016A6D3}.Release|iPhoneSimulator.ActiveCfg = Release|x86
		{C738D684-0F45-4A31-9350-FE164016A6D3}.Release|VisualGDB.ActiveCfg = Release|x86
		{C738D684-0F45-4A31-9350-FE164016A6D3}.Release|x64.ActiveCfg = Release|x64
		{C738D684-0F45-4A31-9350-FE164016A6D3}.Release|x64.Build.0 = Release|x64
		{C738D684-0F45-4A31-9350-FE164016A6D3}.Release|x86.ActiveCfg = Release|x86
		{C738D684-0F45-4A31-9350-FE164016A6D3}.Release|x86.Build.0 = Release|x86
		{EE01EEDA-A68F-4064-97C2-35BB54E3F91D}.Debug|Any CPU.ActiveCfg = Debug|Any CPU
		{EE01EEDA-A68F-4064-97C2-35BB54E3F91D}.Debug|Any CPU.Build.0 = Debug|Any CPU
		{EE01EEDA-A68F-4064-97C2-35BB54E3F91D}.Debug|ARM.ActiveCfg = Debug|Any CPU
		{EE01EEDA-A68F-4064-97C2-35BB54E3F91D}.Debug|ARM.Build.0 = Debug|Any CPU
		{EE01EEDA-A68F-4064-97C2-35BB54E3F91D}.Debug|ARM64.ActiveCfg = Debug|Any CPU
		{EE01EEDA-A68F-4064-97C2-35BB54E3F91D}.Debug|ARM64.Build.0 = Debug|Any CPU
		{EE01EEDA-A68F-4064-97C2-35BB54E3F91D}.Debug|iPhone.ActiveCfg = Debug|Any CPU
		{EE01EEDA-A68F-4064-97C2-35BB54E3F91D}.Debug|iPhone.Build.0 = Debug|Any CPU
		{EE01EEDA-A68F-4064-97C2-35BB54E3F91D}.Debug|iPhoneSimulator.ActiveCfg = Debug|Any CPU
		{EE01EEDA-A68F-4064-97C2-35BB54E3F91D}.Debug|iPhoneSimulator.Build.0 = Debug|Any CPU
		{EE01EEDA-A68F-4064-97C2-35BB54E3F91D}.Debug|VisualGDB.ActiveCfg = Debug|Any CPU
		{EE01EEDA-A68F-4064-97C2-35BB54E3F91D}.Debug|VisualGDB.Build.0 = Debug|Any CPU
		{EE01EEDA-A68F-4064-97C2-35BB54E3F91D}.Debug|x64.ActiveCfg = Debug|Any CPU
		{EE01EEDA-A68F-4064-97C2-35BB54E3F91D}.Debug|x64.Build.0 = Debug|Any CPU
		{EE01EEDA-A68F-4064-97C2-35BB54E3F91D}.Debug|x86.ActiveCfg = Debug|Any CPU
		{EE01EEDA-A68F-4064-97C2-35BB54E3F91D}.Debug|x86.Build.0 = Debug|Any CPU
		{EE01EEDA-A68F-4064-97C2-35BB54E3F91D}.Release|Any CPU.ActiveCfg = Release|Any CPU
		{EE01EEDA-A68F-4064-97C2-35BB54E3F91D}.Release|Any CPU.Build.0 = Release|Any CPU
		{EE01EEDA-A68F-4064-97C2-35BB54E3F91D}.Release|ARM.ActiveCfg = Release|Any CPU
		{EE01EEDA-A68F-4064-97C2-35BB54E3F91D}.Release|ARM.Build.0 = Release|Any CPU
		{EE01EEDA-A68F-4064-97C2-35BB54E3F91D}.Release|ARM64.ActiveCfg = Release|Any CPU
		{EE01EEDA-A68F-4064-97C2-35BB54E3F91D}.Release|ARM64.Build.0 = Release|Any CPU
		{EE01EEDA-A68F-4064-97C2-35BB54E3F91D}.Release|iPhone.ActiveCfg = Release|Any CPU
		{EE01EEDA-A68F-4064-97C2-35BB54E3F91D}.Release|iPhone.Build.0 = Release|Any CPU
		{EE01EEDA-A68F-4064-97C2-35BB54E3F91D}.Release|iPhoneSimulator.ActiveCfg = Release|Any CPU
		{EE01EEDA-A68F-4064-97C2-35BB54E3F91D}.Release|iPhoneSimulator.Build.0 = Release|Any CPU
		{EE01EEDA-A68F-4064-97C2-35BB54E3F91D}.Release|VisualGDB.ActiveCfg = Release|Any CPU
		{EE01EEDA-A68F-4064-97C2-35BB54E3F91D}.Release|VisualGDB.Build.0 = Release|Any CPU
		{EE01EEDA-A68F-4064-97C2-35BB54E3F91D}.Release|x64.ActiveCfg = Release|Any CPU
		{EE01EEDA-A68F-4064-97C2-35BB54E3F91D}.Release|x64.Build.0 = Release|Any CPU
		{EE01EEDA-A68F-4064-97C2-35BB54E3F91D}.Release|x86.ActiveCfg = Release|Any CPU
		{EE01EEDA-A68F-4064-97C2-35BB54E3F91D}.Release|x86.Build.0 = Release|Any CPU
		{6E45B84B-32FB-4562-85AE-196D313B52B7}.Debug|Any CPU.ActiveCfg = Debug|Any CPU
		{6E45B84B-32FB-4562-85AE-196D313B52B7}.Debug|Any CPU.Build.0 = Debug|Any CPU
		{6E45B84B-32FB-4562-85AE-196D313B52B7}.Debug|ARM.ActiveCfg = Debug|Any CPU
		{6E45B84B-32FB-4562-85AE-196D313B52B7}.Debug|ARM.Build.0 = Debug|Any CPU
		{6E45B84B-32FB-4562-85AE-196D313B52B7}.Debug|ARM64.ActiveCfg = Debug|Any CPU
		{6E45B84B-32FB-4562-85AE-196D313B52B7}.Debug|ARM64.Build.0 = Debug|Any CPU
		{6E45B84B-32FB-4562-85AE-196D313B52B7}.Debug|iPhone.ActiveCfg = Debug|Any CPU
		{6E45B84B-32FB-4562-85AE-196D313B52B7}.Debug|iPhone.Build.0 = Debug|Any CPU
		{6E45B84B-32FB-4562-85AE-196D313B52B7}.Debug|iPhoneSimulator.ActiveCfg = Debug|Any CPU
		{6E45B84B-32FB-4562-85AE-196D313B52B7}.Debug|iPhoneSimulator.Build.0 = Debug|Any CPU
		{6E45B84B-32FB-4562-85AE-196D313B52B7}.Debug|VisualGDB.ActiveCfg = Debug|Any CPU
		{6E45B84B-32FB-4562-85AE-196D313B52B7}.Debug|VisualGDB.Build.0 = Debug|Any CPU
		{6E45B84B-32FB-4562-85AE-196D313B52B7}.Debug|x64.ActiveCfg = Debug|Any CPU
		{6E45B84B-32FB-4562-85AE-196D313B52B7}.Debug|x64.Build.0 = Debug|Any CPU
		{6E45B84B-32FB-4562-85AE-196D313B52B7}.Debug|x86.ActiveCfg = Debug|Any CPU
		{6E45B84B-32FB-4562-85AE-196D313B52B7}.Debug|x86.Build.0 = Debug|Any CPU
		{6E45B84B-32FB-4562-85AE-196D313B52B7}.Release|Any CPU.ActiveCfg = Release|Any CPU
		{6E45B84B-32FB-4562-85AE-196D313B52B7}.Release|Any CPU.Build.0 = Release|Any CPU
		{6E45B84B-32FB-4562-85AE-196D313B52B7}.Release|ARM.ActiveCfg = Release|Any CPU
		{6E45B84B-32FB-4562-85AE-196D313B52B7}.Release|ARM.Build.0 = Release|Any CPU
		{6E45B84B-32FB-4562-85AE-196D313B52B7}.Release|ARM64.ActiveCfg = Release|Any CPU
		{6E45B84B-32FB-4562-85AE-196D313B52B7}.Release|ARM64.Build.0 = Release|Any CPU
		{6E45B84B-32FB-4562-85AE-196D313B52B7}.Release|iPhone.ActiveCfg = Release|Any CPU
		{6E45B84B-32FB-4562-85AE-196D313B52B7}.Release|iPhone.Build.0 = Release|Any CPU
		{6E45B84B-32FB-4562-85AE-196D313B52B7}.Release|iPhoneSimulator.ActiveCfg = Release|Any CPU
		{6E45B84B-32FB-4562-85AE-196D313B52B7}.Release|iPhoneSimulator.Build.0 = Release|Any CPU
		{6E45B84B-32FB-4562-85AE-196D313B52B7}.Release|VisualGDB.ActiveCfg = Release|Any CPU
		{6E45B84B-32FB-4562-85AE-196D313B52B7}.Release|VisualGDB.Build.0 = Release|Any CPU
		{6E45B84B-32FB-4562-85AE-196D313B52B7}.Release|x64.ActiveCfg = Release|Any CPU
		{6E45B84B-32FB-4562-85AE-196D313B52B7}.Release|x64.Build.0 = Release|Any CPU
		{6E45B84B-32FB-4562-85AE-196D313B52B7}.Release|x86.ActiveCfg = Release|Any CPU
		{6E45B84B-32FB-4562-85AE-196D313B52B7}.Release|x86.Build.0 = Release|Any CPU
		{D700CB00-8D64-42DD-B345-7A2CE8E71B04}.Debug|Any CPU.ActiveCfg = Debug|Any CPU
		{D700CB00-8D64-42DD-B345-7A2CE8E71B04}.Debug|Any CPU.Build.0 = Debug|Any CPU
		{D700CB00-8D64-42DD-B345-7A2CE8E71B04}.Debug|ARM.ActiveCfg = Debug|Any CPU
		{D700CB00-8D64-42DD-B345-7A2CE8E71B04}.Debug|ARM.Build.0 = Debug|Any CPU
		{D700CB00-8D64-42DD-B345-7A2CE8E71B04}.Debug|ARM64.ActiveCfg = Debug|Any CPU
		{D700CB00-8D64-42DD-B345-7A2CE8E71B04}.Debug|ARM64.Build.0 = Debug|Any CPU
		{D700CB00-8D64-42DD-B345-7A2CE8E71B04}.Debug|iPhone.ActiveCfg = Debug|Any CPU
		{D700CB00-8D64-42DD-B345-7A2CE8E71B04}.Debug|iPhone.Build.0 = Debug|Any CPU
		{D700CB00-8D64-42DD-B345-7A2CE8E71B04}.Debug|iPhoneSimulator.ActiveCfg = Debug|Any CPU
		{D700CB00-8D64-42DD-B345-7A2CE8E71B04}.Debug|iPhoneSimulator.Build.0 = Debug|Any CPU
		{D700CB00-8D64-42DD-B345-7A2CE8E71B04}.Debug|VisualGDB.ActiveCfg = Debug|Any CPU
		{D700CB00-8D64-42DD-B345-7A2CE8E71B04}.Debug|VisualGDB.Build.0 = Debug|Any CPU
		{D700CB00-8D64-42DD-B345-7A2CE8E71B04}.Debug|x64.ActiveCfg = Debug|Any CPU
		{D700CB00-8D64-42DD-B345-7A2CE8E71B04}.Debug|x64.Build.0 = Debug|Any CPU
		{D700CB00-8D64-42DD-B345-7A2CE8E71B04}.Debug|x86.ActiveCfg = Debug|Any CPU
		{D700CB00-8D64-42DD-B345-7A2CE8E71B04}.Debug|x86.Build.0 = Debug|Any CPU
		{D700CB00-8D64-42DD-B345-7A2CE8E71B04}.Release|Any CPU.ActiveCfg = Release|Any CPU
		{D700CB00-8D64-42DD-B345-7A2CE8E71B04}.Release|Any CPU.Build.0 = Release|Any CPU
		{D700CB00-8D64-42DD-B345-7A2CE8E71B04}.Release|ARM.ActiveCfg = Release|Any CPU
		{D700CB00-8D64-42DD-B345-7A2CE8E71B04}.Release|ARM.Build.0 = Release|Any CPU
		{D700CB00-8D64-42DD-B345-7A2CE8E71B04}.Release|ARM64.ActiveCfg = Release|Any CPU
		{D700CB00-8D64-42DD-B345-7A2CE8E71B04}.Release|ARM64.Build.0 = Release|Any CPU
		{D700CB00-8D64-42DD-B345-7A2CE8E71B04}.Release|iPhone.ActiveCfg = Release|Any CPU
		{D700CB00-8D64-42DD-B345-7A2CE8E71B04}.Release|iPhone.Build.0 = Release|Any CPU
		{D700CB00-8D64-42DD-B345-7A2CE8E71B04}.Release|iPhoneSimulator.ActiveCfg = Release|Any CPU
		{D700CB00-8D64-42DD-B345-7A2CE8E71B04}.Release|iPhoneSimulator.Build.0 = Release|Any CPU
		{D700CB00-8D64-42DD-B345-7A2CE8E71B04}.Release|VisualGDB.ActiveCfg = Release|Any CPU
		{D700CB00-8D64-42DD-B345-7A2CE8E71B04}.Release|VisualGDB.Build.0 = Release|Any CPU
		{D700CB00-8D64-42DD-B345-7A2CE8E71B04}.Release|x64.ActiveCfg = Release|Any CPU
		{D700CB00-8D64-42DD-B345-7A2CE8E71B04}.Release|x64.Build.0 = Release|Any CPU
		{D700CB00-8D64-42DD-B345-7A2CE8E71B04}.Release|x86.ActiveCfg = Release|Any CPU
		{D700CB00-8D64-42DD-B345-7A2CE8E71B04}.Release|x86.Build.0 = Release|Any CPU
		{B3BAC3CC-3F40-4B73-A6A5-C47448CB08AD}.Debug|Any CPU.ActiveCfg = Debug|Any CPU
		{B3BAC3CC-3F40-4B73-A6A5-C47448CB08AD}.Debug|Any CPU.Build.0 = Debug|Any CPU
		{B3BAC3CC-3F40-4B73-A6A5-C47448CB08AD}.Debug|ARM.ActiveCfg = Debug|Any CPU
		{B3BAC3CC-3F40-4B73-A6A5-C47448CB08AD}.Debug|ARM.Build.0 = Debug|Any CPU
		{B3BAC3CC-3F40-4B73-A6A5-C47448CB08AD}.Debug|ARM64.ActiveCfg = Debug|Any CPU
		{B3BAC3CC-3F40-4B73-A6A5-C47448CB08AD}.Debug|ARM64.Build.0 = Debug|Any CPU
		{B3BAC3CC-3F40-4B73-A6A5-C47448CB08AD}.Debug|iPhone.ActiveCfg = Debug|Any CPU
		{B3BAC3CC-3F40-4B73-A6A5-C47448CB08AD}.Debug|iPhone.Build.0 = Debug|Any CPU
		{B3BAC3CC-3F40-4B73-A6A5-C47448CB08AD}.Debug|iPhoneSimulator.ActiveCfg = Debug|Any CPU
		{B3BAC3CC-3F40-4B73-A6A5-C47448CB08AD}.Debug|iPhoneSimulator.Build.0 = Debug|Any CPU
		{B3BAC3CC-3F40-4B73-A6A5-C47448CB08AD}.Debug|VisualGDB.ActiveCfg = Debug|Any CPU
		{B3BAC3CC-3F40-4B73-A6A5-C47448CB08AD}.Debug|VisualGDB.Build.0 = Debug|Any CPU
		{B3BAC3CC-3F40-4B73-A6A5-C47448CB08AD}.Debug|x64.ActiveCfg = Debug|Any CPU
		{B3BAC3CC-3F40-4B73-A6A5-C47448CB08AD}.Debug|x64.Build.0 = Debug|Any CPU
		{B3BAC3CC-3F40-4B73-A6A5-C47448CB08AD}.Debug|x86.ActiveCfg = Debug|Any CPU
		{B3BAC3CC-3F40-4B73-A6A5-C47448CB08AD}.Debug|x86.Build.0 = Debug|Any CPU
		{B3BAC3CC-3F40-4B73-A6A5-C47448CB08AD}.Release|Any CPU.ActiveCfg = Release|Any CPU
		{B3BAC3CC-3F40-4B73-A6A5-C47448CB08AD}.Release|Any CPU.Build.0 = Release|Any CPU
		{B3BAC3CC-3F40-4B73-A6A5-C47448CB08AD}.Release|ARM.ActiveCfg = Release|Any CPU
		{B3BAC3CC-3F40-4B73-A6A5-C47448CB08AD}.Release|ARM.Build.0 = Release|Any CPU
		{B3BAC3CC-3F40-4B73-A6A5-C47448CB08AD}.Release|ARM64.ActiveCfg = Release|Any CPU
		{B3BAC3CC-3F40-4B73-A6A5-C47448CB08AD}.Release|ARM64.Build.0 = Release|Any CPU
		{B3BAC3CC-3F40-4B73-A6A5-C47448CB08AD}.Release|iPhone.ActiveCfg = Release|Any CPU
		{B3BAC3CC-3F40-4B73-A6A5-C47448CB08AD}.Release|iPhone.Build.0 = Release|Any CPU
		{B3BAC3CC-3F40-4B73-A6A5-C47448CB08AD}.Release|iPhoneSimulator.ActiveCfg = Release|Any CPU
		{B3BAC3CC-3F40-4B73-A6A5-C47448CB08AD}.Release|iPhoneSimulator.Build.0 = Release|Any CPU
		{B3BAC3CC-3F40-4B73-A6A5-C47448CB08AD}.Release|VisualGDB.ActiveCfg = Release|Any CPU
		{B3BAC3CC-3F40-4B73-A6A5-C47448CB08AD}.Release|VisualGDB.Build.0 = Release|Any CPU
		{B3BAC3CC-3F40-4B73-A6A5-C47448CB08AD}.Release|x64.ActiveCfg = Release|Any CPU
		{B3BAC3CC-3F40-4B73-A6A5-C47448CB08AD}.Release|x64.Build.0 = Release|Any CPU
		{B3BAC3CC-3F40-4B73-A6A5-C47448CB08AD}.Release|x86.ActiveCfg = Release|Any CPU
		{B3BAC3CC-3F40-4B73-A6A5-C47448CB08AD}.Release|x86.Build.0 = Release|Any CPU
		{0F92090B-7F4D-4039-A650-4C8154342804}.Debug|Any CPU.ActiveCfg = Debug|Any CPU
		{0F92090B-7F4D-4039-A650-4C8154342804}.Debug|Any CPU.Build.0 = Debug|Any CPU
		{0F92090B-7F4D-4039-A650-4C8154342804}.Debug|ARM.ActiveCfg = Debug|Any CPU
		{0F92090B-7F4D-4039-A650-4C8154342804}.Debug|ARM.Build.0 = Debug|Any CPU
		{0F92090B-7F4D-4039-A650-4C8154342804}.Debug|ARM64.ActiveCfg = Debug|Any CPU
		{0F92090B-7F4D-4039-A650-4C8154342804}.Debug|ARM64.Build.0 = Debug|Any CPU
		{0F92090B-7F4D-4039-A650-4C8154342804}.Debug|iPhone.ActiveCfg = Debug|Any CPU
		{0F92090B-7F4D-4039-A650-4C8154342804}.Debug|iPhone.Build.0 = Debug|Any CPU
		{0F92090B-7F4D-4039-A650-4C8154342804}.Debug|iPhoneSimulator.ActiveCfg = Debug|Any CPU
		{0F92090B-7F4D-4039-A650-4C8154342804}.Debug|iPhoneSimulator.Build.0 = Debug|Any CPU
		{0F92090B-7F4D-4039-A650-4C8154342804}.Debug|VisualGDB.ActiveCfg = Debug|Any CPU
		{0F92090B-7F4D-4039-A650-4C8154342804}.Debug|VisualGDB.Build.0 = Debug|Any CPU
		{0F92090B-7F4D-4039-A650-4C8154342804}.Debug|x64.ActiveCfg = Debug|Any CPU
		{0F92090B-7F4D-4039-A650-4C8154342804}.Debug|x64.Build.0 = Debug|Any CPU
		{0F92090B-7F4D-4039-A650-4C8154342804}.Debug|x86.ActiveCfg = Debug|Any CPU
		{0F92090B-7F4D-4039-A650-4C8154342804}.Debug|x86.Build.0 = Debug|Any CPU
		{0F92090B-7F4D-4039-A650-4C8154342804}.Release|Any CPU.ActiveCfg = Release|Any CPU
		{0F92090B-7F4D-4039-A650-4C8154342804}.Release|Any CPU.Build.0 = Release|Any CPU
		{0F92090B-7F4D-4039-A650-4C8154342804}.Release|ARM.ActiveCfg = Release|Any CPU
		{0F92090B-7F4D-4039-A650-4C8154342804}.Release|ARM.Build.0 = Release|Any CPU
		{0F92090B-7F4D-4039-A650-4C8154342804}.Release|ARM64.ActiveCfg = Release|Any CPU
		{0F92090B-7F4D-4039-A650-4C8154342804}.Release|ARM64.Build.0 = Release|Any CPU
		{0F92090B-7F4D-4039-A650-4C8154342804}.Release|iPhone.ActiveCfg = Release|Any CPU
		{0F92090B-7F4D-4039-A650-4C8154342804}.Release|iPhone.Build.0 = Release|Any CPU
		{0F92090B-7F4D-4039-A650-4C8154342804}.Release|iPhoneSimulator.ActiveCfg = Release|Any CPU
		{0F92090B-7F4D-4039-A650-4C8154342804}.Release|iPhoneSimulator.Build.0 = Release|Any CPU
		{0F92090B-7F4D-4039-A650-4C8154342804}.Release|VisualGDB.ActiveCfg = Release|Any CPU
		{0F92090B-7F4D-4039-A650-4C8154342804}.Release|VisualGDB.Build.0 = Release|Any CPU
		{0F92090B-7F4D-4039-A650-4C8154342804}.Release|x64.ActiveCfg = Release|Any CPU
		{0F92090B-7F4D-4039-A650-4C8154342804}.Release|x64.Build.0 = Release|Any CPU
		{0F92090B-7F4D-4039-A650-4C8154342804}.Release|x86.ActiveCfg = Release|Any CPU
		{0F92090B-7F4D-4039-A650-4C8154342804}.Release|x86.Build.0 = Release|Any CPU
		{37C01442-FF8C-4E21-AEB8-EF027A337D0D}.Debug|Any CPU.ActiveCfg = Debug|Any CPU
		{37C01442-FF8C-4E21-AEB8-EF027A337D0D}.Debug|Any CPU.Build.0 = Debug|Any CPU
		{37C01442-FF8C-4E21-AEB8-EF027A337D0D}.Debug|ARM.ActiveCfg = Debug|Any CPU
		{37C01442-FF8C-4E21-AEB8-EF027A337D0D}.Debug|ARM.Build.0 = Debug|Any CPU
		{37C01442-FF8C-4E21-AEB8-EF027A337D0D}.Debug|ARM64.ActiveCfg = Debug|Any CPU
		{37C01442-FF8C-4E21-AEB8-EF027A337D0D}.Debug|ARM64.Build.0 = Debug|Any CPU
		{37C01442-FF8C-4E21-AEB8-EF027A337D0D}.Debug|iPhone.ActiveCfg = Debug|Any CPU
		{37C01442-FF8C-4E21-AEB8-EF027A337D0D}.Debug|iPhone.Build.0 = Debug|Any CPU
		{37C01442-FF8C-4E21-AEB8-EF027A337D0D}.Debug|iPhoneSimulator.ActiveCfg = Debug|Any CPU
		{37C01442-FF8C-4E21-AEB8-EF027A337D0D}.Debug|iPhoneSimulator.Build.0 = Debug|Any CPU
		{37C01442-FF8C-4E21-AEB8-EF027A337D0D}.Debug|VisualGDB.ActiveCfg = Debug|Any CPU
		{37C01442-FF8C-4E21-AEB8-EF027A337D0D}.Debug|VisualGDB.Build.0 = Debug|Any CPU
		{37C01442-FF8C-4E21-AEB8-EF027A337D0D}.Debug|x64.ActiveCfg = Debug|Any CPU
		{37C01442-FF8C-4E21-AEB8-EF027A337D0D}.Debug|x64.Build.0 = Debug|Any CPU
		{37C01442-FF8C-4E21-AEB8-EF027A337D0D}.Debug|x86.ActiveCfg = Debug|Any CPU
		{37C01442-FF8C-4E21-AEB8-EF027A337D0D}.Debug|x86.Build.0 = Debug|Any CPU
		{37C01442-FF8C-4E21-AEB8-EF027A337D0D}.Release|Any CPU.ActiveCfg = Release|Any CPU
		{37C01442-FF8C-4E21-AEB8-EF027A337D0D}.Release|Any CPU.Build.0 = Release|Any CPU
		{37C01442-FF8C-4E21-AEB8-EF027A337D0D}.Release|ARM.ActiveCfg = Release|Any CPU
		{37C01442-FF8C-4E21-AEB8-EF027A337D0D}.Release|ARM.Build.0 = Release|Any CPU
		{37C01442-FF8C-4E21-AEB8-EF027A337D0D}.Release|ARM64.ActiveCfg = Release|Any CPU
		{37C01442-FF8C-4E21-AEB8-EF027A337D0D}.Release|ARM64.Build.0 = Release|Any CPU
		{37C01442-FF8C-4E21-AEB8-EF027A337D0D}.Release|iPhone.ActiveCfg = Release|Any CPU
		{37C01442-FF8C-4E21-AEB8-EF027A337D0D}.Release|iPhone.Build.0 = Release|Any CPU
		{37C01442-FF8C-4E21-AEB8-EF027A337D0D}.Release|iPhoneSimulator.ActiveCfg = Release|Any CPU
		{37C01442-FF8C-4E21-AEB8-EF027A337D0D}.Release|iPhoneSimulator.Build.0 = Release|Any CPU
		{37C01442-FF8C-4E21-AEB8-EF027A337D0D}.Release|VisualGDB.ActiveCfg = Release|Any CPU
		{37C01442-FF8C-4E21-AEB8-EF027A337D0D}.Release|VisualGDB.Build.0 = Release|Any CPU
		{37C01442-FF8C-4E21-AEB8-EF027A337D0D}.Release|x64.ActiveCfg = Release|Any CPU
		{37C01442-FF8C-4E21-AEB8-EF027A337D0D}.Release|x64.Build.0 = Release|Any CPU
		{37C01442-FF8C-4E21-AEB8-EF027A337D0D}.Release|x86.ActiveCfg = Release|Any CPU
		{37C01442-FF8C-4E21-AEB8-EF027A337D0D}.Release|x86.Build.0 = Release|Any CPU
	EndGlobalSection
	GlobalSection(SolutionProperties) = preSolution
		HideSolutionNode = FALSE
	EndGlobalSection
	GlobalSection(NestedProjects) = preSolution
		{C6E17647-E760-4948-9CB8-BA8CE61119A4} = {5CECF321-BEA8-47D1-A790-3DAE15B2F0B1}
		{294C86FD-AE77-4EB6-A439-91412438BF59} = {DBE7F176-D743-4331-A71E-7573D5F5B7EF}
		{E99AF12A-2734-47B9-88B2-18B53E6F269D} = {DBE7F176-D743-4331-A71E-7573D5F5B7EF}
		{E32DD46D-1D12-4F01-9019-C29095B256ED} = {DBE7F176-D743-4331-A71E-7573D5F5B7EF}
		{E92F9091-3F1F-4DC4-BA30-3DD73C6E5BB9} = {C2082E63-DC20-4CC1-8A68-F4ACDCB327E0}
		{75428354-A191-44F2-9203-E46D8A9F730C} = {025056FD-BF56-4227-94B0-3D91DC35E854}
		{1475E78F-1A0C-46BD-A748-DDD5221D60C8} = {1DA648B4-743E-44B6-BFEE-ABE6282A382C}
		{9D360E3E-0D0E-4191-B924-0F01325E93FA} = {1DA648B4-743E-44B6-BFEE-ABE6282A382C}
		{593A5B39-B788-4876-B289-F7382FBD37BF} = {1DA648B4-743E-44B6-BFEE-ABE6282A382C}
		{ED094F57-8329-4289-9183-BA0DEEC567C2} = {80523EE6-AACE-4A4A-8462-EBB71B3B83DB}
		{9B401232-7F92-4411-95C8-3036242E4F34} = {80523EE6-AACE-4A4A-8462-EBB71B3B83DB}
		{65DB7FBF-75C9-48A5-AD6E-4709C46805E1} = {88BB6292-4667-4FA4-98B7-B9BA4E7F8447}
		{7C1DB2CB-1FC7-4733-A59F-303379D0A963} = {EF5B8C36-81F5-4B56-9423-3DE6F95A3AE1}
		{88BB6292-4667-4FA4-98B7-B9BA4E7F8447} = {80523EE6-AACE-4A4A-8462-EBB71B3B83DB}
		{EF5B8C36-81F5-4B56-9423-3DE6F95A3AE1} = {80523EE6-AACE-4A4A-8462-EBB71B3B83DB}
		{66BFBF4B-2392-4E11-B041-8327123C21EB} = {88BB6292-4667-4FA4-98B7-B9BA4E7F8447}
		{FD2D6C7E-0A29-4B4C-B0D0-2F51732344CD} = {EF5B8C36-81F5-4B56-9423-3DE6F95A3AE1}
		{7847B2A5-2681-4103-A2B1-A9B17B3EE530} = {75773D01-D163-491A-8162-0C6E4F5BDE6C}
		{D9A43368-8D47-4FC1-A1F6-E06E0924D448} = {B9D8F76F-A3B9-4BC5-96F1-1CCB5EFA75CC}
		{7855AFE3-4BE9-4506-9A1F-2A6463A04DD6} = {025056FD-BF56-4227-94B0-3D91DC35E854}
		{025056FD-BF56-4227-94B0-3D91DC35E854} = {719417A2-B041-4492-A5EA-F51DAAD43FB5}
		{C2082E63-DC20-4CC1-8A68-F4ACDCB327E0} = {719417A2-B041-4492-A5EA-F51DAAD43FB5}
		{8B259CD2-041E-425A-B61D-BA5339E53EE7} = {C2082E63-DC20-4CC1-8A68-F4ACDCB327E0}
		{08ED800E-D924-4376-8568-4AE69572AB4E} = {DA92D033-4593-4693-871D-9AD89D87BCCE}
		{101E3060-8799-4119-8A7A-4F86A01C0C84} = {DA92D033-4593-4693-871D-9AD89D87BCCE}
		{C738D684-0F45-4A31-9350-FE164016A6D3} = {7398FCC4-8C87-4C4A-8D96-BFDAC4E98B2D}
		{EE01EEDA-A68F-4064-97C2-35BB54E3F91D} = {E140B4FB-93E3-4BF5-ACEB-451B2C8BB50A}
		{6E45B84B-32FB-4562-85AE-196D313B52B7} = {E140B4FB-93E3-4BF5-ACEB-451B2C8BB50A}
		{D700CB00-8D64-42DD-B345-7A2CE8E71B04} = {E140B4FB-93E3-4BF5-ACEB-451B2C8BB50A}
		{B3BAC3CC-3F40-4B73-A6A5-C47448CB08AD} = {E140B4FB-93E3-4BF5-ACEB-451B2C8BB50A}
		{0F92090B-7F4D-4039-A650-4C8154342804} = {E140B4FB-93E3-4BF5-ACEB-451B2C8BB50A}
		{37C01442-FF8C-4E21-AEB8-EF027A337D0D} = {E140B4FB-93E3-4BF5-ACEB-451B2C8BB50A}
	EndGlobalSection
	GlobalSection(ExtensibilityGlobals) = postSolution
		SolutionGuid = {1105AABB-DD30-4EB9-B73F-22681AE3065E}
	EndGlobalSection
EndGlobal
